// !$*UTF8*$!
{
	archiveVersion = 1;
	classes = {
	};
	objectVersion = 45;
	objects = {

/* Begin PBXBuildFile section */
		452B99B211AE3E01002C0BB3 /* CCouchDBAttachment.m in Sources */ = {isa = PBXBuildFile; fileRef = 452B99A611AE3E01002C0BB3 /* CCouchDBAttachment.m */; };
		452B99B311AE3E01002C0BB3 /* CCouchDBDatabase.m in Sources */ = {isa = PBXBuildFile; fileRef = 452B99A811AE3E01002C0BB3 /* CCouchDBDatabase.m */; };
		452B99B411AE3E01002C0BB3 /* CCouchDBDocument.m in Sources */ = {isa = PBXBuildFile; fileRef = 452B99AA11AE3E01002C0BB3 /* CCouchDBDocument.m */; };
		452B99B511AE3E01002C0BB3 /* CCouchDBServer.m in Sources */ = {isa = PBXBuildFile; fileRef = 452B99AC11AE3E01002C0BB3 /* CCouchDBServer.m */; };
		452B99B611AE3E01002C0BB3 /* CCouchDBURLOperation.m in Sources */ = {isa = PBXBuildFile; fileRef = 452B99AE11AE3E01002C0BB3 /* CCouchDBURLOperation.m */; };
		452B99B711AE3E01002C0BB3 /* CouchDBClientConstants.m in Sources */ = {isa = PBXBuildFile; fileRef = 452B99B011AE3E01002C0BB3 /* CouchDBClientConstants.m */; };
		452B9A2E11AE3E15002C0BB3 /* CDataScanner.m in Sources */ = {isa = PBXBuildFile; fileRef = 452B99C611AE3E15002C0BB3 /* CDataScanner.m */; };
		452B9A2F11AE3E15002C0BB3 /* CDataScanner_Extensions.m in Sources */ = {isa = PBXBuildFile; fileRef = 452B99C911AE3E15002C0BB3 /* CDataScanner_Extensions.m */; };
		452B9A3011AE3E15002C0BB3 /* NSCharacterSet_Extensions.m in Sources */ = {isa = PBXBuildFile; fileRef = 452B99CB11AE3E15002C0BB3 /* NSCharacterSet_Extensions.m */; };
		452B9A3111AE3E15002C0BB3 /* NSDictionary_JSONExtensions.m in Sources */ = {isa = PBXBuildFile; fileRef = 452B99CD11AE3E15002C0BB3 /* NSDictionary_JSONExtensions.m */; };
		452B9A3211AE3E15002C0BB3 /* NSScanner_Extensions.m in Sources */ = {isa = PBXBuildFile; fileRef = 452B99CF11AE3E15002C0BB3 /* NSScanner_Extensions.m */; };
		452B9A3311AE3E15002C0BB3 /* CJSONDataSerializer.m in Sources */ = {isa = PBXBuildFile; fileRef = 452B99D211AE3E15002C0BB3 /* CJSONDataSerializer.m */; };
		452B9A3411AE3E15002C0BB3 /* CJSONDeserializer.m in Sources */ = {isa = PBXBuildFile; fileRef = 452B99D411AE3E15002C0BB3 /* CJSONDeserializer.m */; };
		452B9A3511AE3E15002C0BB3 /* CJSONScanner.m in Sources */ = {isa = PBXBuildFile; fileRef = 452B99D611AE3E15002C0BB3 /* CJSONScanner.m */; };
		452B9A3611AE3E15002C0BB3 /* CJSONSerializer.m in Sources */ = {isa = PBXBuildFile; fileRef = 452B99D811AE3E15002C0BB3 /* CJSONSerializer.m */; };
		452B9A3711AE3E15002C0BB3 /* CSerializedJSONData.m in Sources */ = {isa = PBXBuildFile; fileRef = 452B99DA11AE3E15002C0BB3 /* CSerializedJSONData.m */; };
		452B9A4211AE3E15002C0BB3 /* CTemporaryData.m in Sources */ = {isa = PBXBuildFile; fileRef = 452B99F211AE3E15002C0BB3 /* CTemporaryData.m */; };
		452B9A4411AE3E15002C0BB3 /* CURLOperation.m in Sources */ = {isa = PBXBuildFile; fileRef = 452B99F611AE3E15002C0BB3 /* CURLOperation.m */; };
		452B9AAC11AE4042002C0BB3 /* CRunLoopHelper.m in Sources */ = {isa = PBXBuildFile; fileRef = 452B9AAB11AE4042002C0BB3 /* CRunLoopHelper.m */; };
		452B9B6311AE47E1002C0BB3 /* NSError_CouchDBExtensions.m in Sources */ = {isa = PBXBuildFile; fileRef = 452B9B6211AE47E1002C0BB3 /* NSError_CouchDBExtensions.m */; };
		8DD76F9A0486AA7600D96B5E /* CLI Sample.m in Sources */ = {isa = PBXBuildFile; fileRef = 08FB7796FE84155DC02AAC07 /* CLI Sample.m */; settings = {ATTRIBUTES = (); }; };
		8DD76F9C0486AA7600D96B5E /* Foundation.framework in Frameworks */ = {isa = PBXBuildFile; fileRef = 08FB779EFE84155DC02AAC07 /* Foundation.framework */; };
/* End PBXBuildFile section */

/* Begin PBXCopyFilesBuildPhase section */
		8DD76F9E0486AA7600D96B5E /* CopyFiles */ = {
			isa = PBXCopyFilesBuildPhase;
			buildActionMask = 8;
			dstPath = /usr/share/man/man1/;
			dstSubfolderSpec = 0;
			files = (
			);
			runOnlyForDeploymentPostprocessing = 1;
		};
/* End PBXCopyFilesBuildPhase section */

/* Begin PBXFileReference section */
		08FB7796FE84155DC02AAC07 /* CLI Sample.m */ = {isa = PBXFileReference; fileEncoding = 4; lastKnownFileType = sourcecode.c.objc; path = "CLI Sample.m"; sourceTree = "<group>"; };
		08FB779EFE84155DC02AAC07 /* Foundation.framework */ = {isa = PBXFileReference; lastKnownFileType = wrapper.framework; name = Foundation.framework; path = /System/Library/Frameworks/Foundation.framework; sourceTree = "<absolute>"; };
		452B99A311AE3DDC002C0BB3 /* Prefix.pch */ = {isa = PBXFileReference; fileEncoding = 4; lastKnownFileType = sourcecode.c.h; path = Prefix.pch; sourceTree = "<group>"; };
		452B99A511AE3E01002C0BB3 /* CCouchDBAttachment.h */ = {isa = PBXFileReference; fileEncoding = 4; lastKnownFileType = sourcecode.c.h; path = CCouchDBAttachment.h; sourceTree = "<group>"; };
		452B99A611AE3E01002C0BB3 /* CCouchDBAttachment.m */ = {isa = PBXFileReference; fileEncoding = 4; lastKnownFileType = sourcecode.c.objc; path = CCouchDBAttachment.m; sourceTree = "<group>"; };
		452B99A711AE3E01002C0BB3 /* CCouchDBDatabase.h */ = {isa = PBXFileReference; fileEncoding = 4; lastKnownFileType = sourcecode.c.h; path = CCouchDBDatabase.h; sourceTree = "<group>"; };
		452B99A811AE3E01002C0BB3 /* CCouchDBDatabase.m */ = {isa = PBXFileReference; fileEncoding = 4; lastKnownFileType = sourcecode.c.objc; path = CCouchDBDatabase.m; sourceTree = "<group>"; };
		452B99A911AE3E01002C0BB3 /* CCouchDBDocument.h */ = {isa = PBXFileReference; fileEncoding = 4; lastKnownFileType = sourcecode.c.h; path = CCouchDBDocument.h; sourceTree = "<group>"; };
		452B99AA11AE3E01002C0BB3 /* CCouchDBDocument.m */ = {isa = PBXFileReference; fileEncoding = 4; lastKnownFileType = sourcecode.c.objc; path = CCouchDBDocument.m; sourceTree = "<group>"; };
		452B99AB11AE3E01002C0BB3 /* CCouchDBServer.h */ = {isa = PBXFileReference; fileEncoding = 4; lastKnownFileType = sourcecode.c.h; path = CCouchDBServer.h; sourceTree = "<group>"; };
		452B99AC11AE3E01002C0BB3 /* CCouchDBServer.m */ = {isa = PBXFileReference; fileEncoding = 4; lastKnownFileType = sourcecode.c.objc; path = CCouchDBServer.m; sourceTree = "<group>"; };
		452B99AD11AE3E01002C0BB3 /* CCouchDBURLOperation.h */ = {isa = PBXFileReference; fileEncoding = 4; lastKnownFileType = sourcecode.c.h; path = CCouchDBURLOperation.h; sourceTree = "<group>"; };
		452B99AE11AE3E01002C0BB3 /* CCouchDBURLOperation.m */ = {isa = PBXFileReference; fileEncoding = 4; lastKnownFileType = sourcecode.c.objc; path = CCouchDBURLOperation.m; sourceTree = "<group>"; };
		452B99AF11AE3E01002C0BB3 /* CouchDBClientConstants.h */ = {isa = PBXFileReference; fileEncoding = 4; lastKnownFileType = sourcecode.c.h; path = CouchDBClientConstants.h; sourceTree = "<group>"; };
		452B99B011AE3E01002C0BB3 /* CouchDBClientConstants.m */ = {isa = PBXFileReference; fileEncoding = 4; lastKnownFileType = sourcecode.c.objc; path = CouchDBClientConstants.m; sourceTree = "<group>"; };
		452B99B111AE3E01002C0BB3 /* CouchDBClientTypes.h */ = {isa = PBXFileReference; fileEncoding = 4; lastKnownFileType = sourcecode.c.h; path = CouchDBClientTypes.h; sourceTree = "<group>"; };
		452B99C511AE3E15002C0BB3 /* CDataScanner.h */ = {isa = PBXFileReference; fileEncoding = 4; lastKnownFileType = sourcecode.c.h; path = CDataScanner.h; sourceTree = "<group>"; };
		452B99C611AE3E15002C0BB3 /* CDataScanner.m */ = {isa = PBXFileReference; fileEncoding = 4; lastKnownFileType = sourcecode.c.objc; path = CDataScanner.m; sourceTree = "<group>"; };
		452B99C811AE3E15002C0BB3 /* CDataScanner_Extensions.h */ = {isa = PBXFileReference; fileEncoding = 4; lastKnownFileType = sourcecode.c.h; path = CDataScanner_Extensions.h; sourceTree = "<group>"; };
		452B99C911AE3E15002C0BB3 /* CDataScanner_Extensions.m */ = {isa = PBXFileReference; fileEncoding = 4; lastKnownFileType = sourcecode.c.objc; path = CDataScanner_Extensions.m; sourceTree = "<group>"; };
		452B99CA11AE3E15002C0BB3 /* NSCharacterSet_Extensions.h */ = {isa = PBXFileReference; fileEncoding = 4; lastKnownFileType = sourcecode.c.h; path = NSCharacterSet_Extensions.h; sourceTree = "<group>"; };
		452B99CB11AE3E15002C0BB3 /* NSCharacterSet_Extensions.m */ = {isa = PBXFileReference; fileEncoding = 4; lastKnownFileType = sourcecode.c.objc; path = NSCharacterSet_Extensions.m; sourceTree = "<group>"; };
		452B99CC11AE3E15002C0BB3 /* NSDictionary_JSONExtensions.h */ = {isa = PBXFileReference; fileEncoding = 4; lastKnownFileType = sourcecode.c.h; path = NSDictionary_JSONExtensions.h; sourceTree = "<group>"; };
		452B99CD11AE3E15002C0BB3 /* NSDictionary_JSONExtensions.m */ = {isa = PBXFileReference; fileEncoding = 4; lastKnownFileType = sourcecode.c.objc; path = NSDictionary_JSONExtensions.m; sourceTree = "<group>"; };
		452B99CE11AE3E15002C0BB3 /* NSScanner_Extensions.h */ = {isa = PBXFileReference; fileEncoding = 4; lastKnownFileType = sourcecode.c.h; path = NSScanner_Extensions.h; sourceTree = "<group>"; };
		452B99CF11AE3E15002C0BB3 /* NSScanner_Extensions.m */ = {isa = PBXFileReference; fileEncoding = 4; lastKnownFileType = sourcecode.c.objc; path = NSScanner_Extensions.m; sourceTree = "<group>"; };
		452B99D111AE3E15002C0BB3 /* CJSONDataSerializer.h */ = {isa = PBXFileReference; fileEncoding = 4; lastKnownFileType = sourcecode.c.h; path = CJSONDataSerializer.h; sourceTree = "<group>"; };
		452B99D211AE3E15002C0BB3 /* CJSONDataSerializer.m */ = {isa = PBXFileReference; fileEncoding = 4; lastKnownFileType = sourcecode.c.objc; path = CJSONDataSerializer.m; sourceTree = "<group>"; };
		452B99D311AE3E15002C0BB3 /* CJSONDeserializer.h */ = {isa = PBXFileReference; fileEncoding = 4; lastKnownFileType = sourcecode.c.h; path = CJSONDeserializer.h; sourceTree = "<group>"; };
		452B99D411AE3E15002C0BB3 /* CJSONDeserializer.m */ = {isa = PBXFileReference; fileEncoding = 4; lastKnownFileType = sourcecode.c.objc; path = CJSONDeserializer.m; sourceTree = "<group>"; };
		452B99D511AE3E15002C0BB3 /* CJSONScanner.h */ = {isa = PBXFileReference; fileEncoding = 4; lastKnownFileType = sourcecode.c.h; path = CJSONScanner.h; sourceTree = "<group>"; };
		452B99D611AE3E15002C0BB3 /* CJSONScanner.m */ = {isa = PBXFileReference; fileEncoding = 4; lastKnownFileType = sourcecode.c.objc; path = CJSONScanner.m; sourceTree = "<group>"; };
		452B99D711AE3E15002C0BB3 /* CJSONSerializer.h */ = {isa = PBXFileReference; fileEncoding = 4; lastKnownFileType = sourcecode.c.h; path = CJSONSerializer.h; sourceTree = "<group>"; };
		452B99D811AE3E15002C0BB3 /* CJSONSerializer.m */ = {isa = PBXFileReference; fileEncoding = 4; lastKnownFileType = sourcecode.c.objc; path = CJSONSerializer.m; sourceTree = "<group>"; };
		452B99D911AE3E15002C0BB3 /* CSerializedJSONData.h */ = {isa = PBXFileReference; fileEncoding = 4; lastKnownFileType = sourcecode.c.h; path = CSerializedJSONData.h; sourceTree = "<group>"; };
		452B99DA11AE3E15002C0BB3 /* CSerializedJSONData.m */ = {isa = PBXFileReference; fileEncoding = 4; lastKnownFileType = sourcecode.c.objc; path = CSerializedJSONData.m; sourceTree = "<group>"; };
		452B99F111AE3E15002C0BB3 /* CTemporaryData.h */ = {isa = PBXFileReference; fileEncoding = 4; lastKnownFileType = sourcecode.c.h; path = CTemporaryData.h; sourceTree = "<group>"; };
		452B99F211AE3E15002C0BB3 /* CTemporaryData.m */ = {isa = PBXFileReference; fileEncoding = 4; lastKnownFileType = sourcecode.c.objc; path = CTemporaryData.m; sourceTree = "<group>"; };
		452B99F511AE3E15002C0BB3 /* CURLOperation.h */ = {isa = PBXFileReference; fileEncoding = 4; lastKnownFileType = sourcecode.c.h; path = CURLOperation.h; sourceTree = "<group>"; };
		452B99F611AE3E15002C0BB3 /* CURLOperation.m */ = {isa = PBXFileReference; fileEncoding = 4; lastKnownFileType = sourcecode.c.objc; path = CURLOperation.m; sourceTree = "<group>"; };
		452B9AAA11AE4042002C0BB3 /* CRunLoopHelper.h */ = {isa = PBXFileReference; fileEncoding = 4; lastKnownFileType = sourcecode.c.h; path = CRunLoopHelper.h; sourceTree = "<group>"; };
		452B9AAB11AE4042002C0BB3 /* CRunLoopHelper.m */ = {isa = PBXFileReference; fileEncoding = 4; lastKnownFileType = sourcecode.c.objc; path = CRunLoopHelper.m; sourceTree = "<group>"; };
		452B9B6111AE47E1002C0BB3 /* NSError_CouchDBExtensions.h */ = {isa = PBXFileReference; fileEncoding = 4; lastKnownFileType = sourcecode.c.h; path = NSError_CouchDBExtensions.h; sourceTree = "<group>"; };
		452B9B6211AE47E1002C0BB3 /* NSError_CouchDBExtensions.m */ = {isa = PBXFileReference; fileEncoding = 4; lastKnownFileType = sourcecode.c.objc; path = NSError_CouchDBExtensions.m; sourceTree = "<group>"; };
		8DD76FA10486AA7600D96B5E /* CLI Sample */ = {isa = PBXFileReference; explicitFileType = "compiled.mach-o.executable"; includeInIndex = 0; path = "CLI Sample"; sourceTree = BUILT_PRODUCTS_DIR; };
/* End PBXFileReference section */

/* Begin PBXFrameworksBuildPhase section */
		8DD76F9B0486AA7600D96B5E /* Frameworks */ = {
			isa = PBXFrameworksBuildPhase;
			buildActionMask = 2147483647;
			files = (
				8DD76F9C0486AA7600D96B5E /* Foundation.framework in Frameworks */,
			);
			runOnlyForDeploymentPostprocessing = 0;
		};
/* End PBXFrameworksBuildPhase section */

/* Begin PBXGroup section */
		08FB7794FE84155DC02AAC07 /* CLI Sample */ = {
			isa = PBXGroup;
			children = (
				08FB7795FE84155DC02AAC07 /* Source */,
				452B99A411AE3E01002C0BB3 /* Source */,
				452B99C111AE3E15002C0BB3 /* Externals */,
				C6859EA2029092E104C91782 /* Documentation */,
				08FB779DFE84155DC02AAC07 /* External Frameworks and Libraries */,
				1AB674ADFE9D54B511CA2CBB /* Products */,
			);
			name = "CLI Sample";
			sourceTree = "<group>";
		};
		08FB7795FE84155DC02AAC07 /* Source */ = {
			isa = PBXGroup;
			children = (
				452B99A311AE3DDC002C0BB3 /* Prefix.pch */,
				08FB7796FE84155DC02AAC07 /* CLI Sample.m */,
				452B9AAA11AE4042002C0BB3 /* CRunLoopHelper.h */,
				452B9AAB11AE4042002C0BB3 /* CRunLoopHelper.m */,
			);
			name = Source;
			sourceTree = "<group>";
		};
		08FB779DFE84155DC02AAC07 /* External Frameworks and Libraries */ = {
			isa = PBXGroup;
			children = (
				08FB779EFE84155DC02AAC07 /* Foundation.framework */,
			);
			name = "External Frameworks and Libraries";
			sourceTree = "<group>";
		};
		1AB674ADFE9D54B511CA2CBB /* Products */ = {
			isa = PBXGroup;
			children = (
				8DD76FA10486AA7600D96B5E /* CLI Sample */,
			);
			name = Products;
			sourceTree = "<group>";
		};
		452B99A411AE3E01002C0BB3 /* Source */ = {
			isa = PBXGroup;
			children = (
				452B99A511AE3E01002C0BB3 /* CCouchDBAttachment.h */,
				452B99A611AE3E01002C0BB3 /* CCouchDBAttachment.m */,
				452B99A711AE3E01002C0BB3 /* CCouchDBDatabase.h */,
				452B99A811AE3E01002C0BB3 /* CCouchDBDatabase.m */,
				452B99A911AE3E01002C0BB3 /* CCouchDBDocument.h */,
				452B99AA11AE3E01002C0BB3 /* CCouchDBDocument.m */,
				452B99AB11AE3E01002C0BB3 /* CCouchDBServer.h */,
				452B99AC11AE3E01002C0BB3 /* CCouchDBServer.m */,
				452B99AD11AE3E01002C0BB3 /* CCouchDBURLOperation.h */,
				452B99AE11AE3E01002C0BB3 /* CCouchDBURLOperation.m */,
				452B99AF11AE3E01002C0BB3 /* CouchDBClientConstants.h */,
				452B9B6111AE47E1002C0BB3 /* NSError_CouchDBExtensions.h */,
				452B9B6211AE47E1002C0BB3 /* NSError_CouchDBExtensions.m */,
				452B99B011AE3E01002C0BB3 /* CouchDBClientConstants.m */,
				452B99B111AE3E01002C0BB3 /* CouchDBClientTypes.h */,
			);
			name = Source;
			path = ../../Source;
			sourceTree = SOURCE_ROOT;
		};
		452B99C111AE3E15002C0BB3 /* Externals */ = {
			isa = PBXGroup;
			children = (
				452B99C211AE3E15002C0BB3 /* touchcode */,
			);
			name = Externals;
			sourceTree = "<group>";
		};
		452B99C211AE3E15002C0BB3 /* touchcode */ = {
			isa = PBXGroup;
			children = (
				452B99C311AE3E15002C0BB3 /* TouchJSON */,
				452B99DB11AE3E15002C0BB3 /* Support */,
			);
			name = touchcode;
			sourceTree = "<group>";
		};
		452B99C311AE3E15002C0BB3 /* TouchJSON */ = {
			isa = PBXGroup;
			children = (
				452B99C411AE3E15002C0BB3 /* Source */,
			);
			name = TouchJSON;
			path = ../../Externals/touchcode/TouchJSON;
			sourceTree = SOURCE_ROOT;
		};
		452B99C411AE3E15002C0BB3 /* Source */ = {
			isa = PBXGroup;
			children = (
				452B99C511AE3E15002C0BB3 /* CDataScanner.h */,
				452B99C611AE3E15002C0BB3 /* CDataScanner.m */,
				452B99C711AE3E15002C0BB3 /* Extensions */,
				452B99D011AE3E15002C0BB3 /* JSON */,
			);
			path = Source;
			sourceTree = "<group>";
		};
		452B99C711AE3E15002C0BB3 /* Extensions */ = {
			isa = PBXGroup;
			children = (
				452B99C811AE3E15002C0BB3 /* CDataScanner_Extensions.h */,
				452B99C911AE3E15002C0BB3 /* CDataScanner_Extensions.m */,
				452B99CA11AE3E15002C0BB3 /* NSCharacterSet_Extensions.h */,
				452B99CB11AE3E15002C0BB3 /* NSCharacterSet_Extensions.m */,
				452B99CC11AE3E15002C0BB3 /* NSDictionary_JSONExtensions.h */,
				452B99CD11AE3E15002C0BB3 /* NSDictionary_JSONExtensions.m */,
				452B99CE11AE3E15002C0BB3 /* NSScanner_Extensions.h */,
				452B99CF11AE3E15002C0BB3 /* NSScanner_Extensions.m */,
			);
			path = Extensions;
			sourceTree = "<group>";
		};
		452B99D011AE3E15002C0BB3 /* JSON */ = {
			isa = PBXGroup;
			children = (
				452B99D111AE3E15002C0BB3 /* CJSONDataSerializer.h */,
				452B99D211AE3E15002C0BB3 /* CJSONDataSerializer.m */,
				452B99D311AE3E15002C0BB3 /* CJSONDeserializer.h */,
				452B99D411AE3E15002C0BB3 /* CJSONDeserializer.m */,
				452B99D511AE3E15002C0BB3 /* CJSONScanner.h */,
				452B99D611AE3E15002C0BB3 /* CJSONScanner.m */,
				452B99D711AE3E15002C0BB3 /* CJSONSerializer.h */,
				452B99D811AE3E15002C0BB3 /* CJSONSerializer.m */,
				452B99D911AE3E15002C0BB3 /* CSerializedJSONData.h */,
				452B99DA11AE3E15002C0BB3 /* CSerializedJSONData.m */,
			);
			path = JSON;
			sourceTree = "<group>";
		};
		452B99DB11AE3E15002C0BB3 /* Support */ = {
			isa = PBXGroup;
			children = (
				452B99DC11AE3E15002C0BB3 /* Common */,
			);
			name = Support;
			path = ../../Externals/touchcode/Support;
			sourceTree = SOURCE_ROOT;
		};
		452B99DC11AE3E15002C0BB3 /* Common */ = {
			isa = PBXGroup;
			children = (
				452B99F111AE3E15002C0BB3 /* CTemporaryData.h */,
				452B99F211AE3E15002C0BB3 /* CTemporaryData.m */,
				452B99F511AE3E15002C0BB3 /* CURLOperation.h */,
				452B99F611AE3E15002C0BB3 /* CURLOperation.m */,
			);
			path = Common;
			sourceTree = "<group>";
		};
		C6859EA2029092E104C91782 /* Documentation */ = {
			isa = PBXGroup;
			children = (
			);
			name = Documentation;
			sourceTree = "<group>";
		};
/* End PBXGroup section */

/* Begin PBXNativeTarget section */
		8DD76F960486AA7600D96B5E /* CLI Sample */ = {
			isa = PBXNativeTarget;
			buildConfigurationList = 1DEB927408733DD40010E9CD /* Build configuration list for PBXNativeTarget "CLI Sample" */;
			buildPhases = (
				8DD76F990486AA7600D96B5E /* Sources */,
				8DD76F9B0486AA7600D96B5E /* Frameworks */,
				8DD76F9E0486AA7600D96B5E /* CopyFiles */,
			);
			buildRules = (
			);
			dependencies = (
			);
			name = "CLI Sample";
			productInstallPath = "$(HOME)/bin";
			productName = "CLI Sample";
			productReference = 8DD76FA10486AA7600D96B5E /* CLI Sample */;
			productType = "com.apple.product-type.tool";
		};
/* End PBXNativeTarget section */

/* Begin PBXProject section */
		08FB7793FE84155DC02AAC07 /* Project object */ = {
			isa = PBXProject;
			buildConfigurationList = 1DEB927808733DD40010E9CD /* Build configuration list for PBXProject "CLI Sample" */;
			compatibilityVersion = "Xcode 3.1";
			hasScannedForEncodings = 1;
			mainGroup = 08FB7794FE84155DC02AAC07 /* CLI Sample */;
			projectDirPath = "";
			projectRoot = "";
			targets = (
				8DD76F960486AA7600D96B5E /* CLI Sample */,
			);
		};
/* End PBXProject section */

/* Begin PBXSourcesBuildPhase section */
		8DD76F990486AA7600D96B5E /* Sources */ = {
			isa = PBXSourcesBuildPhase;
			buildActionMask = 2147483647;
			files = (
				8DD76F9A0486AA7600D96B5E /* CLI Sample.m in Sources */,
				452B99B211AE3E01002C0BB3 /* CCouchDBAttachment.m in Sources */,
				452B99B311AE3E01002C0BB3 /* CCouchDBDatabase.m in Sources */,
				452B99B411AE3E01002C0BB3 /* CCouchDBDocument.m in Sources */,
				452B99B511AE3E01002C0BB3 /* CCouchDBServer.m in Sources */,
				452B99B611AE3E01002C0BB3 /* CCouchDBURLOperation.m in Sources */,
				452B99B711AE3E01002C0BB3 /* CouchDBClientConstants.m in Sources */,
				452B9A2E11AE3E15002C0BB3 /* CDataScanner.m in Sources */,
				452B9A2F11AE3E15002C0BB3 /* CDataScanner_Extensions.m in Sources */,
				452B9A3011AE3E15002C0BB3 /* NSCharacterSet_Extensions.m in Sources */,
				452B9A3111AE3E15002C0BB3 /* NSDictionary_JSONExtensions.m in Sources */,
				452B9A3211AE3E15002C0BB3 /* NSScanner_Extensions.m in Sources */,
				452B9A3311AE3E15002C0BB3 /* CJSONDataSerializer.m in Sources */,
				452B9A3411AE3E15002C0BB3 /* CJSONDeserializer.m in Sources */,
				452B9A3511AE3E15002C0BB3 /* CJSONScanner.m in Sources */,
				452B9A3611AE3E15002C0BB3 /* CJSONSerializer.m in Sources */,
				452B9A3711AE3E15002C0BB3 /* CSerializedJSONData.m in Sources */,
				452B9A4211AE3E15002C0BB3 /* CTemporaryData.m in Sources */,
				452B9A4411AE3E15002C0BB3 /* CURLOperation.m in Sources */,
				452B9AAC11AE4042002C0BB3 /* CRunLoopHelper.m in Sources */,
				452B9B6311AE47E1002C0BB3 /* NSError_CouchDBExtensions.m in Sources */,
			);
			runOnlyForDeploymentPostprocessing = 0;
		};
/* End PBXSourcesBuildPhase section */

/* Begin XCBuildConfiguration section */
		1DEB927508733DD40010E9CD /* Debug */ = {
			isa = XCBuildConfiguration;
			buildSettings = {
				ALWAYS_SEARCH_USER_PATHS = NO;
				COPY_PHASE_STRIP = NO;
				GCC_DYNAMIC_NO_PIC = NO;
				GCC_ENABLE_FIX_AND_CONTINUE = YES;
				GCC_MODEL_TUNING = G5;
				GCC_OPTIMIZATION_LEVEL = 0;
				GCC_PRECOMPILE_PREFIX_HEADER = YES;
				GCC_PREFIX_HEADER = Prefix.pch;
				INSTALL_PATH = /usr/local/bin;
				PRODUCT_NAME = "CLI Sample";
			};
			name = Debug;
		};
		1DEB927608733DD40010E9CD /* Release */ = {
			isa = XCBuildConfiguration;
			buildSettings = {
				ALWAYS_SEARCH_USER_PATHS = NO;
				DEBUG_INFORMATION_FORMAT = "dwarf-with-dsym";
				GCC_MODEL_TUNING = G5;
				GCC_PRECOMPILE_PREFIX_HEADER = YES;
				GCC_PREFIX_HEADER = Prefix.pch;
				INSTALL_PATH = /usr/local/bin;
				PRODUCT_NAME = "CLI Sample";
			};
			name = Release;
		};
		1DEB927908733DD40010E9CD /* Debug */ = {
			isa = XCBuildConfiguration;
			buildSettings = {
				ARCHS = "$(ARCHS_STANDARD_32_64_BIT)";
				GCC_C_LANGUAGE_STANDARD = gnu99;
				GCC_OPTIMIZATION_LEVEL = 0;
				GCC_WARN_ABOUT_RETURN_TYPE = YES;
				GCC_WARN_UNUSED_VARIABLE = YES;
				ONLY_ACTIVE_ARCH = YES;
				PREBINDING = NO;
				SDKROOT = macosx10.6;
			};
			name = Debug;
		};
		1DEB927A08733DD40010E9CD /* Release */ = {
			isa = XCBuildConfiguration;
			buildSettings = {
				ARCHS = "$(ARCHS_STANDARD_32_64_BIT)";
				GCC_C_LANGUAGE_STANDARD = gnu99;
				GCC_WARN_ABOUT_RETURN_TYPE = YES;
				GCC_WARN_UNUSED_VARIABLE = YES;
				PREBINDING = NO;
				SDKROOT = macosx10.6;
			};
			name = Release;
		};
/* End XCBuildConfiguration section */

/* Begin XCConfigurationList section */
		1DEB927408733DD40010E9CD /* Build configuration list for PBXNativeTarget "CLI Sample" */ = {
			isa = XCConfigurationList;
			buildConfigurations = (
				1DEB927508733DD40010E9CD /* Debug */,
				1DEB927608733DD40010E9CD /* Release */,
			);
			defaultConfigurationIsVisible = 0;
			defaultConfigurationName = Release;
		};
		1DEB927808733DD40010E9CD /* Build configuration list for PBXProject "CLI Sample" */ = {
			isa = XCConfigurationList;
			buildConfigurations = (
				1DEB927908733DD40010E9CD /* Debug */,
				1DEB927A08733DD40010E9CD /* Release */,
			);
			defaultConfigurationIsVisible = 0;
			defaultConfigurationName = Release;
		};
/* End XCConfigurationList section */
	};
	rootObject = 08FB7793FE84155DC02AAC07 /* Project object */;
}
