// !$*UTF8*$!
{
	archiveVersion = 1;
	classes = {
	};
	objectVersion = 45;
	objects = {

/* Begin PBXBuildFile section */
		45291AF1117D37A900E1DAED /* CCouchDBURLOperation.m in Sources */ = {isa = PBXBuildFile; fileRef = 45291ADF117D37A900E1DAED /* CCouchDBURLOperation.m */; };
		45291AF2117D37A900E1DAED /* CouchDBClientConstants.m in Sources */ = {isa = PBXBuildFile; fileRef = 45291AE1117D37A900E1DAED /* CouchDBClientConstants.m */; };
		45291AF3117D37A900E1DAED /* CCouchDBAttachment.m in Sources */ = {isa = PBXBuildFile; fileRef = 45291AE4117D37A900E1DAED /* CCouchDBAttachment.m */; };
		45291AF4117D37A900E1DAED /* CCouchDBDatabase.m in Sources */ = {isa = PBXBuildFile; fileRef = 45291AE6117D37A900E1DAED /* CCouchDBDatabase.m */; };
		45291AF5117D37A900E1DAED /* CCouchDBDocument.m in Sources */ = {isa = PBXBuildFile; fileRef = 45291AE8117D37A900E1DAED /* CCouchDBDocument.m */; };
		45291AF6117D37A900E1DAED /* CCouchDBServer.m in Sources */ = {isa = PBXBuildFile; fileRef = 45291AEA117D37A900E1DAED /* CCouchDBServer.m */; };
		45291B7E117D37CD00E1DAED /* CDataScanner.m in Sources */ = {isa = PBXBuildFile; fileRef = 45291B17117D37CD00E1DAED /* CDataScanner.m */; };
		45291B7F117D37CD00E1DAED /* CDataScanner_Extensions.m in Sources */ = {isa = PBXBuildFile; fileRef = 45291B1A117D37CD00E1DAED /* CDataScanner_Extensions.m */; };
		45291B80117D37CD00E1DAED /* NSCharacterSet_Extensions.m in Sources */ = {isa = PBXBuildFile; fileRef = 45291B1C117D37CD00E1DAED /* NSCharacterSet_Extensions.m */; };
		45291B81117D37CD00E1DAED /* NSDictionary_JSONExtensions.m in Sources */ = {isa = PBXBuildFile; fileRef = 45291B1E117D37CD00E1DAED /* NSDictionary_JSONExtensions.m */; };
		45291B82117D37CD00E1DAED /* NSScanner_Extensions.m in Sources */ = {isa = PBXBuildFile; fileRef = 45291B20117D37CD00E1DAED /* NSScanner_Extensions.m */; };
		45291B83117D37CD00E1DAED /* CJSONDataSerializer.m in Sources */ = {isa = PBXBuildFile; fileRef = 45291B23117D37CD00E1DAED /* CJSONDataSerializer.m */; };
		45291B84117D37CD00E1DAED /* CJSONDeserializer.m in Sources */ = {isa = PBXBuildFile; fileRef = 45291B25117D37CD00E1DAED /* CJSONDeserializer.m */; };
		45291B85117D37CD00E1DAED /* CJSONScanner.m in Sources */ = {isa = PBXBuildFile; fileRef = 45291B27117D37CD00E1DAED /* CJSONScanner.m */; };
		45291B86117D37CD00E1DAED /* CJSONSerializer.m in Sources */ = {isa = PBXBuildFile; fileRef = 45291B29117D37CD00E1DAED /* CJSONSerializer.m */; };
		45291B87117D37CD00E1DAED /* CSerializedJSONData.m in Sources */ = {isa = PBXBuildFile; fileRef = 45291B2B117D37CD00E1DAED /* CSerializedJSONData.m */; };
		45291C52117D37D800E1DAED /* Base64Transcoder.c in Sources */ = {isa = PBXBuildFile; fileRef = 45291BD4117D37D700E1DAED /* Base64Transcoder.c */; };
		45291C53117D37D800E1DAED /* CBetterOperation.m in Sources */ = {isa = PBXBuildFile; fileRef = 45291BD7117D37D700E1DAED /* CBetterOperation.m */; };
		45291C54117D37D800E1DAED /* CCommaArrayTransformer.m in Sources */ = {isa = PBXBuildFile; fileRef = 45291BD9117D37D700E1DAED /* CCommaArrayTransformer.m */; };
		45291C55117D37D800E1DAED /* CConcurrentOperation.m in Sources */ = {isa = PBXBuildFile; fileRef = 45291BDB117D37D700E1DAED /* CConcurrentOperation.m */; };
		45291C56117D37D800E1DAED /* CDateRange.m in Sources */ = {isa = PBXBuildFile; fileRef = 45291BDD117D37D700E1DAED /* CDateRange.m */; };
		45291C57117D37D800E1DAED /* CFloatTransformer.m in Sources */ = {isa = PBXBuildFile; fileRef = 45291BDF117D37D700E1DAED /* CFloatTransformer.m */; };
		45291C58117D37D800E1DAED /* CHumanDateFormatter.m in Sources */ = {isa = PBXBuildFile; fileRef = 45291BE1117D37D700E1DAED /* CHumanDateFormatter.m */; };
		45291C59117D37D800E1DAED /* CLazyCache.m in Sources */ = {isa = PBXBuildFile; fileRef = 45291BE3117D37D700E1DAED /* CLazyCache.m */; };
		45291C5E117D37D800E1DAED /* CPointerArray.m in Sources */ = {isa = PBXBuildFile; fileRef = 45291BEE117D37D700E1DAED /* CPointerArray.m */; };
		45291C5F117D37D800E1DAED /* CTempFile.m in Sources */ = {isa = PBXBuildFile; fileRef = 45291BF0117D37D700E1DAED /* CTempFile.m */; };
		45291C60117D37D800E1DAED /* CTemporaryData.m in Sources */ = {isa = PBXBuildFile; fileRef = 45291BF2117D37D700E1DAED /* CTemporaryData.m */; };
		45291C61117D37D800E1DAED /* CTrivialTemplate.m in Sources */ = {isa = PBXBuildFile; fileRef = 45291BF4117D37D700E1DAED /* CTrivialTemplate.m */; };
		45291C62117D37D800E1DAED /* CURLOperation.m in Sources */ = {isa = PBXBuildFile; fileRef = 45291BF6117D37D700E1DAED /* CURLOperation.m */; };
		45291C63117D37D800E1DAED /* CValueValidator.m in Sources */ = {isa = PBXBuildFile; fileRef = 45291BF8117D37D700E1DAED /* CValueValidator.m */; };
		45291C64117D37D800E1DAED /* ISO8601DateFormatter.m in Sources */ = {isa = PBXBuildFile; fileRef = 45291BFD117D37D800E1DAED /* ISO8601DateFormatter.m */; };
		45291C77117D37D800E1DAED /* NSDate_Extensions.m in Sources */ = {isa = PBXBuildFile; fileRef = 45291C12117D37D800E1DAED /* NSDate_Extensions.m */; };
		45291C78117D37D800E1DAED /* NSDate_InternetDateExtensions.m in Sources */ = {isa = PBXBuildFile; fileRef = 45291C14117D37D800E1DAED /* NSDate_InternetDateExtensions.m */; };
		45291C79117D37D800E1DAED /* NSDateFormatter_InternetDateExtensions.m in Sources */ = {isa = PBXBuildFile; fileRef = 45291C16117D37D800E1DAED /* NSDateFormatter_InternetDateExtensions.m */; };
		45291C7A117D37D800E1DAED /* NSData_Base64Extensions.m in Sources */ = {isa = PBXBuildFile; fileRef = 45291C18117D37D800E1DAED /* NSData_Base64Extensions.m */; };
		45291C7B117D37D800E1DAED /* NSData_Extensions.m in Sources */ = {isa = PBXBuildFile; fileRef = 45291C1A117D37D800E1DAED /* NSData_Extensions.m */; };
		45291C7C117D37D800E1DAED /* NSDecimalNumber_Extensions.m in Sources */ = {isa = PBXBuildFile; fileRef = 45291C1C117D37D800E1DAED /* NSDecimalNumber_Extensions.m */; };
		45291C7D117D37D800E1DAED /* NSError_Extensions.m in Sources */ = {isa = PBXBuildFile; fileRef = 45291C1E117D37D800E1DAED /* NSError_Extensions.m */; };
		45291C7E117D37D800E1DAED /* NSFileManager_Extensions.m in Sources */ = {isa = PBXBuildFile; fileRef = 45291C20117D37D800E1DAED /* NSFileManager_Extensions.m */; };
		45291C7F117D37D800E1DAED /* NSIndexPath_Extensions.m in Sources */ = {isa = PBXBuildFile; fileRef = 45291C22117D37D800E1DAED /* NSIndexPath_Extensions.m */; };
		45291C80117D37D800E1DAED /* NSOperation_DebugExtensions.m in Sources */ = {isa = PBXBuildFile; fileRef = 45291C24117D37D800E1DAED /* NSOperation_DebugExtensions.m */; };
		45291C81117D37D800E1DAED /* NSOperationQueue_Extensions.m in Sources */ = {isa = PBXBuildFile; fileRef = 45291C26117D37D800E1DAED /* NSOperationQueue_Extensions.m */; };
		45291C82117D37D800E1DAED /* NSScanner_Extensions.m in Sources */ = {isa = PBXBuildFile; fileRef = 45291C28117D37D800E1DAED /* NSScanner_Extensions.m */; };
		45291C83117D37D800E1DAED /* NSScanner_HTMLExtensions.m in Sources */ = {isa = PBXBuildFile; fileRef = 45291C2A117D37D800E1DAED /* NSScanner_HTMLExtensions.m */; };
		45291C84117D37D800E1DAED /* NSString_Extensions.m in Sources */ = {isa = PBXBuildFile; fileRef = 45291C2C117D37D800E1DAED /* NSString_Extensions.m */; };
		45291C85117D37D800E1DAED /* NSURL_DataExtensions.m in Sources */ = {isa = PBXBuildFile; fileRef = 45291C2E117D37D800E1DAED /* NSURL_DataExtensions.m */; };
		45291C86117D37D800E1DAED /* NSURL_Extensions.m in Sources */ = {isa = PBXBuildFile; fileRef = 45291C30117D37D800E1DAED /* NSURL_Extensions.m */; };
		45291C87117D37D800E1DAED /* NSURLResponse_Extensions.m in Sources */ = {isa = PBXBuildFile; fileRef = 45291C32117D37D800E1DAED /* NSURLResponse_Extensions.m */; };
		45291C88117D37D800E1DAED /* NSValue_Extensions.m in Sources */ = {isa = PBXBuildFile; fileRef = 45291C34117D37D800E1DAED /* NSValue_Extensions.m */; };
		45291C89117D37D800E1DAED /* CInvocationGrabber.m in Sources */ = {isa = PBXBuildFile; fileRef = 45291C37117D37D800E1DAED /* CInvocationGrabber.m */; };
		45291C8A117D37D800E1DAED /* NSObject_InvocationGrabberExtensions.m in Sources */ = {isa = PBXBuildFile; fileRef = 45291C39117D37D800E1DAED /* NSObject_InvocationGrabberExtensions.m */; };
		45291C8B117D37D800E1DAED /* CBundleResourceURLProtocol.m in Sources */ = {isa = PBXBuildFile; fileRef = 45291C3D117D37D800E1DAED /* CBundleResourceURLProtocol.m */; };
		45291C8C117D37D800E1DAED /* CNumberToStringValueTransformer.m in Sources */ = {isa = PBXBuildFile; fileRef = 45291C40117D37D800E1DAED /* CNumberToStringValueTransformer.m */; };
		452B996011AE3CCF002C0BB3 /* BasicTests.m in Sources */ = {isa = PBXBuildFile; fileRef = 452B995F11AE3CCF002C0BB3 /* BasicTests.m */; };
		452B996311AE3CD9002C0BB3 /* BasicTests.m in Sources */ = {isa = PBXBuildFile; fileRef = 452B995F11AE3CCF002C0BB3 /* BasicTests.m */; };
		452B996411AE3CDA002C0BB3 /* CCouchDBServer.m in Sources */ = {isa = PBXBuildFile; fileRef = 45291AEA117D37A900E1DAED /* CCouchDBServer.m */; };
		452B996511AE3CDB002C0BB3 /* CCouchDBDocument.m in Sources */ = {isa = PBXBuildFile; fileRef = 45291AE8117D37A900E1DAED /* CCouchDBDocument.m */; };
		452B996611AE3CDD002C0BB3 /* CCouchDBAttachment.m in Sources */ = {isa = PBXBuildFile; fileRef = 45291AE4117D37A900E1DAED /* CCouchDBAttachment.m */; };
		452B996711AE3CDD002C0BB3 /* CCouchDBDatabase.m in Sources */ = {isa = PBXBuildFile; fileRef = 45291AE6117D37A900E1DAED /* CCouchDBDatabase.m */; };
		452B996811AE3CDE002C0BB3 /* CouchDBClientConstants.m in Sources */ = {isa = PBXBuildFile; fileRef = 45291AE1117D37A900E1DAED /* CouchDBClientConstants.m */; };
		452B996911AE3CDF002C0BB3 /* CCouchDBURLOperation.m in Sources */ = {isa = PBXBuildFile; fileRef = 45291ADF117D37A900E1DAED /* CCouchDBURLOperation.m */; };
		452B996C11AE3D00002C0BB3 /* CDataScanner.m in Sources */ = {isa = PBXBuildFile; fileRef = 45291B17117D37CD00E1DAED /* CDataScanner.m */; };
		452B996D11AE3D03002C0BB3 /* CDataScanner_Extensions.m in Sources */ = {isa = PBXBuildFile; fileRef = 45291B1A117D37CD00E1DAED /* CDataScanner_Extensions.m */; };
		452B996E11AE3D04002C0BB3 /* NSCharacterSet_Extensions.m in Sources */ = {isa = PBXBuildFile; fileRef = 45291B1C117D37CD00E1DAED /* NSCharacterSet_Extensions.m */; };
		452B996F11AE3D05002C0BB3 /* NSDictionary_JSONExtensions.m in Sources */ = {isa = PBXBuildFile; fileRef = 45291B1E117D37CD00E1DAED /* NSDictionary_JSONExtensions.m */; };
		452B997011AE3D06002C0BB3 /* NSScanner_Extensions.m in Sources */ = {isa = PBXBuildFile; fileRef = 45291B20117D37CD00E1DAED /* NSScanner_Extensions.m */; };
		452B997111AE3D07002C0BB3 /* CJSONDataSerializer.m in Sources */ = {isa = PBXBuildFile; fileRef = 45291B23117D37CD00E1DAED /* CJSONDataSerializer.m */; };
		452B997211AE3D08002C0BB3 /* CJSONDeserializer.m in Sources */ = {isa = PBXBuildFile; fileRef = 45291B25117D37CD00E1DAED /* CJSONDeserializer.m */; };
		452B997311AE3D09002C0BB3 /* CJSONScanner.m in Sources */ = {isa = PBXBuildFile; fileRef = 45291B27117D37CD00E1DAED /* CJSONScanner.m */; };
		452B997411AE3D09002C0BB3 /* CJSONSerializer.m in Sources */ = {isa = PBXBuildFile; fileRef = 45291B29117D37CD00E1DAED /* CJSONSerializer.m */; };
		452B997511AE3D0A002C0BB3 /* CSerializedJSONData.m in Sources */ = {isa = PBXBuildFile; fileRef = 45291B2B117D37CD00E1DAED /* CSerializedJSONData.m */; };
		452B997811AE3D21002C0BB3 /* CURLOperation.m in Sources */ = {isa = PBXBuildFile; fileRef = 45291BF6117D37D700E1DAED /* CURLOperation.m */; };
		452B997B11AE3D29002C0BB3 /* CTemporaryData.m in Sources */ = {isa = PBXBuildFile; fileRef = 45291BF2117D37D700E1DAED /* CTemporaryData.m */; };
		455C884F117F52A1005E0B84 /* InfoPlist.strings in Resources */ = {isa = PBXBuildFile; fileRef = 455C883D117F52A1005E0B84 /* InfoPlist.strings */; };
		455C8850117F52A1005E0B84 /* MainMenu.xib in Resources */ = {isa = PBXBuildFile; fileRef = 455C883F117F52A1005E0B84 /* MainMenu.xib */; };
		455C8852117F52A1005E0B84 /* CDictionaryToJSONStringValueTransformer.m in Sources */ = {isa = PBXBuildFile; fileRef = 455C8844117F52A1005E0B84 /* CDictionaryToJSONStringValueTransformer.m */; };
		455C8853117F52A1005E0B84 /* CURLToStringValueTransformer.m in Sources */ = {isa = PBXBuildFile; fileRef = 455C8846117F52A1005E0B84 /* CURLToStringValueTransformer.m */; };
		455C8854117F52A1005E0B84 /* FootstoolAppDelegate.m in Sources */ = {isa = PBXBuildFile; fileRef = 455C8848117F52A1005E0B84 /* FootstoolAppDelegate.m */; };
		455C8855117F52A1005E0B84 /* main.m in Sources */ = {isa = PBXBuildFile; fileRef = 455C8849117F52A1005E0B84 /* main.m */; };
		455C8856117F52A1005E0B84 /* NSArray_ConvenienceExtensions.m in Sources */ = {isa = PBXBuildFile; fileRef = 455C884B117F52A1005E0B84 /* NSArray_ConvenienceExtensions.m */; };
		455C8857117F52A1005E0B84 /* NSDictionary_MoreBlockExtensions.m in Sources */ = {isa = PBXBuildFile; fileRef = 455C884D117F52A1005E0B84 /* NSDictionary_MoreBlockExtensions.m */; };
		8D11072F0486CEB800E47090 /* Cocoa.framework in Frameworks */ = {isa = PBXBuildFile; fileRef = 1058C7A1FEA54F0111CA2CBB /* Cocoa.framework */; };
/* End PBXBuildFile section */

/* Begin PBXFileReference section */
		1058C7A1FEA54F0111CA2CBB /* Cocoa.framework */ = {isa = PBXFileReference; lastKnownFileType = wrapper.framework; name = Cocoa.framework; path = /System/Library/Frameworks/Cocoa.framework; sourceTree = "<absolute>"; };
		13E42FB307B3F0F600E4EEF1 /* CoreData.framework */ = {isa = PBXFileReference; lastKnownFileType = wrapper.framework; name = CoreData.framework; path = /System/Library/Frameworks/CoreData.framework; sourceTree = "<absolute>"; };
		29B97324FDCFA39411CA2CEA /* AppKit.framework */ = {isa = PBXFileReference; lastKnownFileType = wrapper.framework; name = AppKit.framework; path = /System/Library/Frameworks/AppKit.framework; sourceTree = "<absolute>"; };
		29B97325FDCFA39411CA2CEA /* Foundation.framework */ = {isa = PBXFileReference; lastKnownFileType = wrapper.framework; name = Foundation.framework; path = /System/Library/Frameworks/Foundation.framework; sourceTree = "<absolute>"; };
		45291ADE117D37A900E1DAED /* CCouchDBURLOperation.h */ = {isa = PBXFileReference; fileEncoding = 4; lastKnownFileType = sourcecode.c.h; path = CCouchDBURLOperation.h; sourceTree = "<group>"; };
		45291ADF117D37A900E1DAED /* CCouchDBURLOperation.m */ = {isa = PBXFileReference; fileEncoding = 4; lastKnownFileType = sourcecode.c.objc; path = CCouchDBURLOperation.m; sourceTree = "<group>"; };
		45291AE0117D37A900E1DAED /* CouchDBClientConstants.h */ = {isa = PBXFileReference; fileEncoding = 4; lastKnownFileType = sourcecode.c.h; path = CouchDBClientConstants.h; sourceTree = "<group>"; };
		45291AE1117D37A900E1DAED /* CouchDBClientConstants.m */ = {isa = PBXFileReference; fileEncoding = 4; lastKnownFileType = sourcecode.c.objc; path = CouchDBClientConstants.m; sourceTree = "<group>"; };
		45291AE3117D37A900E1DAED /* CCouchDBAttachment.h */ = {isa = PBXFileReference; fileEncoding = 4; lastKnownFileType = sourcecode.c.h; path = CCouchDBAttachment.h; sourceTree = "<group>"; };
		45291AE4117D37A900E1DAED /* CCouchDBAttachment.m */ = {isa = PBXFileReference; fileEncoding = 4; lastKnownFileType = sourcecode.c.objc; path = CCouchDBAttachment.m; sourceTree = "<group>"; };
		45291AE5117D37A900E1DAED /* CCouchDBDatabase.h */ = {isa = PBXFileReference; fileEncoding = 4; lastKnownFileType = sourcecode.c.h; path = CCouchDBDatabase.h; sourceTree = "<group>"; };
		45291AE6117D37A900E1DAED /* CCouchDBDatabase.m */ = {isa = PBXFileReference; fileEncoding = 4; lastKnownFileType = sourcecode.c.objc; path = CCouchDBDatabase.m; sourceTree = "<group>"; };
		45291AE7117D37A900E1DAED /* CCouchDBDocument.h */ = {isa = PBXFileReference; fileEncoding = 4; lastKnownFileType = sourcecode.c.h; path = CCouchDBDocument.h; sourceTree = "<group>"; };
		45291AE8117D37A900E1DAED /* CCouchDBDocument.m */ = {isa = PBXFileReference; fileEncoding = 4; lastKnownFileType = sourcecode.c.objc; path = CCouchDBDocument.m; sourceTree = "<group>"; };
		45291AE9117D37A900E1DAED /* CCouchDBServer.h */ = {isa = PBXFileReference; fileEncoding = 4; lastKnownFileType = sourcecode.c.h; path = CCouchDBServer.h; sourceTree = "<group>"; };
		45291AEA117D37A900E1DAED /* CCouchDBServer.m */ = {isa = PBXFileReference; fileEncoding = 4; lastKnownFileType = sourcecode.c.objc; path = CCouchDBServer.m; sourceTree = "<group>"; };
		45291B16117D37CD00E1DAED /* CDataScanner.h */ = {isa = PBXFileReference; fileEncoding = 4; lastKnownFileType = sourcecode.c.h; path = CDataScanner.h; sourceTree = "<group>"; };
		45291B17117D37CD00E1DAED /* CDataScanner.m */ = {isa = PBXFileReference; fileEncoding = 4; lastKnownFileType = sourcecode.c.objc; path = CDataScanner.m; sourceTree = "<group>"; };
		45291B19117D37CD00E1DAED /* CDataScanner_Extensions.h */ = {isa = PBXFileReference; fileEncoding = 4; lastKnownFileType = sourcecode.c.h; path = CDataScanner_Extensions.h; sourceTree = "<group>"; };
		45291B1A117D37CD00E1DAED /* CDataScanner_Extensions.m */ = {isa = PBXFileReference; fileEncoding = 4; lastKnownFileType = sourcecode.c.objc; path = CDataScanner_Extensions.m; sourceTree = "<group>"; };
		45291B1B117D37CD00E1DAED /* NSCharacterSet_Extensions.h */ = {isa = PBXFileReference; fileEncoding = 4; lastKnownFileType = sourcecode.c.h; path = NSCharacterSet_Extensions.h; sourceTree = "<group>"; };
		45291B1C117D37CD00E1DAED /* NSCharacterSet_Extensions.m */ = {isa = PBXFileReference; fileEncoding = 4; lastKnownFileType = sourcecode.c.objc; path = NSCharacterSet_Extensions.m; sourceTree = "<group>"; };
		45291B1D117D37CD00E1DAED /* NSDictionary_JSONExtensions.h */ = {isa = PBXFileReference; fileEncoding = 4; lastKnownFileType = sourcecode.c.h; path = NSDictionary_JSONExtensions.h; sourceTree = "<group>"; };
		45291B1E117D37CD00E1DAED /* NSDictionary_JSONExtensions.m */ = {isa = PBXFileReference; fileEncoding = 4; lastKnownFileType = sourcecode.c.objc; path = NSDictionary_JSONExtensions.m; sourceTree = "<group>"; };
		45291B1F117D37CD00E1DAED /* NSScanner_Extensions.h */ = {isa = PBXFileReference; fileEncoding = 4; lastKnownFileType = sourcecode.c.h; path = NSScanner_Extensions.h; sourceTree = "<group>"; };
		45291B20117D37CD00E1DAED /* NSScanner_Extensions.m */ = {isa = PBXFileReference; fileEncoding = 4; lastKnownFileType = sourcecode.c.objc; path = NSScanner_Extensions.m; sourceTree = "<group>"; };
		45291B22117D37CD00E1DAED /* CJSONDataSerializer.h */ = {isa = PBXFileReference; fileEncoding = 4; lastKnownFileType = sourcecode.c.h; path = CJSONDataSerializer.h; sourceTree = "<group>"; };
		45291B23117D37CD00E1DAED /* CJSONDataSerializer.m */ = {isa = PBXFileReference; fileEncoding = 4; lastKnownFileType = sourcecode.c.objc; path = CJSONDataSerializer.m; sourceTree = "<group>"; };
		45291B24117D37CD00E1DAED /* CJSONDeserializer.h */ = {isa = PBXFileReference; fileEncoding = 4; lastKnownFileType = sourcecode.c.h; path = CJSONDeserializer.h; sourceTree = "<group>"; };
		45291B25117D37CD00E1DAED /* CJSONDeserializer.m */ = {isa = PBXFileReference; fileEncoding = 4; lastKnownFileType = sourcecode.c.objc; path = CJSONDeserializer.m; sourceTree = "<group>"; };
		45291B26117D37CD00E1DAED /* CJSONScanner.h */ = {isa = PBXFileReference; fileEncoding = 4; lastKnownFileType = sourcecode.c.h; path = CJSONScanner.h; sourceTree = "<group>"; };
		45291B27117D37CD00E1DAED /* CJSONScanner.m */ = {isa = PBXFileReference; fileEncoding = 4; lastKnownFileType = sourcecode.c.objc; path = CJSONScanner.m; sourceTree = "<group>"; };
		45291B28117D37CD00E1DAED /* CJSONSerializer.h */ = {isa = PBXFileReference; fileEncoding = 4; lastKnownFileType = sourcecode.c.h; path = CJSONSerializer.h; sourceTree = "<group>"; };
		45291B29117D37CD00E1DAED /* CJSONSerializer.m */ = {isa = PBXFileReference; fileEncoding = 4; lastKnownFileType = sourcecode.c.objc; path = CJSONSerializer.m; sourceTree = "<group>"; };
		45291B2A117D37CD00E1DAED /* CSerializedJSONData.h */ = {isa = PBXFileReference; fileEncoding = 4; lastKnownFileType = sourcecode.c.h; path = CSerializedJSONData.h; sourceTree = "<group>"; };
		45291B2B117D37CD00E1DAED /* CSerializedJSONData.m */ = {isa = PBXFileReference; fileEncoding = 4; lastKnownFileType = sourcecode.c.objc; path = CSerializedJSONData.m; sourceTree = "<group>"; };
		45291BD4117D37D700E1DAED /* Base64Transcoder.c */ = {isa = PBXFileReference; fileEncoding = 4; lastKnownFileType = sourcecode.c.c; path = Base64Transcoder.c; sourceTree = "<group>"; };
		45291BD5117D37D700E1DAED /* Base64Transcoder.h */ = {isa = PBXFileReference; fileEncoding = 4; lastKnownFileType = sourcecode.c.h; path = Base64Transcoder.h; sourceTree = "<group>"; };
		45291BD6117D37D700E1DAED /* CBetterOperation.h */ = {isa = PBXFileReference; fileEncoding = 4; lastKnownFileType = sourcecode.c.h; path = CBetterOperation.h; sourceTree = "<group>"; };
		45291BD7117D37D700E1DAED /* CBetterOperation.m */ = {isa = PBXFileReference; fileEncoding = 4; lastKnownFileType = sourcecode.c.objc; path = CBetterOperation.m; sourceTree = "<group>"; };
		45291BD8117D37D700E1DAED /* CCommaArrayTransformer.h */ = {isa = PBXFileReference; fileEncoding = 4; lastKnownFileType = sourcecode.c.h; path = CCommaArrayTransformer.h; sourceTree = "<group>"; };
		45291BD9117D37D700E1DAED /* CCommaArrayTransformer.m */ = {isa = PBXFileReference; fileEncoding = 4; lastKnownFileType = sourcecode.c.objc; path = CCommaArrayTransformer.m; sourceTree = "<group>"; };
		45291BDA117D37D700E1DAED /* CConcurrentOperation.h */ = {isa = PBXFileReference; fileEncoding = 4; lastKnownFileType = sourcecode.c.h; path = CConcurrentOperation.h; sourceTree = "<group>"; };
		45291BDB117D37D700E1DAED /* CConcurrentOperation.m */ = {isa = PBXFileReference; fileEncoding = 4; lastKnownFileType = sourcecode.c.objc; path = CConcurrentOperation.m; sourceTree = "<group>"; };
		45291BDC117D37D700E1DAED /* CDateRange.h */ = {isa = PBXFileReference; fileEncoding = 4; lastKnownFileType = sourcecode.c.h; path = CDateRange.h; sourceTree = "<group>"; };
		45291BDD117D37D700E1DAED /* CDateRange.m */ = {isa = PBXFileReference; fileEncoding = 4; lastKnownFileType = sourcecode.c.objc; path = CDateRange.m; sourceTree = "<group>"; };
		45291BDE117D37D700E1DAED /* CFloatTransformer.h */ = {isa = PBXFileReference; fileEncoding = 4; lastKnownFileType = sourcecode.c.h; path = CFloatTransformer.h; sourceTree = "<group>"; };
		45291BDF117D37D700E1DAED /* CFloatTransformer.m */ = {isa = PBXFileReference; fileEncoding = 4; lastKnownFileType = sourcecode.c.objc; path = CFloatTransformer.m; sourceTree = "<group>"; };
		45291BE0117D37D700E1DAED /* CHumanDateFormatter.h */ = {isa = PBXFileReference; fileEncoding = 4; lastKnownFileType = sourcecode.c.h; path = CHumanDateFormatter.h; sourceTree = "<group>"; };
		45291BE1117D37D700E1DAED /* CHumanDateFormatter.m */ = {isa = PBXFileReference; fileEncoding = 4; lastKnownFileType = sourcecode.c.objc; path = CHumanDateFormatter.m; sourceTree = "<group>"; };
		45291BE2117D37D700E1DAED /* CLazyCache.h */ = {isa = PBXFileReference; fileEncoding = 4; lastKnownFileType = sourcecode.c.h; path = CLazyCache.h; sourceTree = "<group>"; };
		45291BE3117D37D700E1DAED /* CLazyCache.m */ = {isa = PBXFileReference; fileEncoding = 4; lastKnownFileType = sourcecode.c.objc; path = CLazyCache.m; sourceTree = "<group>"; };
		45291BED117D37D700E1DAED /* CPointerArray.h */ = {isa = PBXFileReference; fileEncoding = 4; lastKnownFileType = sourcecode.c.h; path = CPointerArray.h; sourceTree = "<group>"; };
		45291BEE117D37D700E1DAED /* CPointerArray.m */ = {isa = PBXFileReference; fileEncoding = 4; lastKnownFileType = sourcecode.c.objc; path = CPointerArray.m; sourceTree = "<group>"; };
		45291BEF117D37D700E1DAED /* CTempFile.h */ = {isa = PBXFileReference; fileEncoding = 4; lastKnownFileType = sourcecode.c.h; path = CTempFile.h; sourceTree = "<group>"; };
		45291BF0117D37D700E1DAED /* CTempFile.m */ = {isa = PBXFileReference; fileEncoding = 4; lastKnownFileType = sourcecode.c.objc; path = CTempFile.m; sourceTree = "<group>"; };
		45291BF1117D37D700E1DAED /* CTemporaryData.h */ = {isa = PBXFileReference; fileEncoding = 4; lastKnownFileType = sourcecode.c.h; path = CTemporaryData.h; sourceTree = "<group>"; };
		45291BF2117D37D700E1DAED /* CTemporaryData.m */ = {isa = PBXFileReference; fileEncoding = 4; lastKnownFileType = sourcecode.c.objc; path = CTemporaryData.m; sourceTree = "<group>"; };
		45291BF3117D37D700E1DAED /* CTrivialTemplate.h */ = {isa = PBXFileReference; fileEncoding = 4; lastKnownFileType = sourcecode.c.h; path = CTrivialTemplate.h; sourceTree = "<group>"; };
		45291BF4117D37D700E1DAED /* CTrivialTemplate.m */ = {isa = PBXFileReference; fileEncoding = 4; lastKnownFileType = sourcecode.c.objc; path = CTrivialTemplate.m; sourceTree = "<group>"; };
		45291BF5117D37D700E1DAED /* CURLOperation.h */ = {isa = PBXFileReference; fileEncoding = 4; lastKnownFileType = sourcecode.c.h; path = CURLOperation.h; sourceTree = "<group>"; };
		45291BF6117D37D700E1DAED /* CURLOperation.m */ = {isa = PBXFileReference; fileEncoding = 4; lastKnownFileType = sourcecode.c.objc; path = CURLOperation.m; sourceTree = "<group>"; };
		45291BF7117D37D700E1DAED /* CValueValidator.h */ = {isa = PBXFileReference; fileEncoding = 4; lastKnownFileType = sourcecode.c.h; path = CValueValidator.h; sourceTree = "<group>"; };
		45291BF8117D37D700E1DAED /* CValueValidator.m */ = {isa = PBXFileReference; fileEncoding = 4; lastKnownFileType = sourcecode.c.objc; path = CValueValidator.m; sourceTree = "<group>"; };
		45291BFC117D37D800E1DAED /* ISO8601DateFormatter.h */ = {isa = PBXFileReference; fileEncoding = 4; lastKnownFileType = sourcecode.c.h; path = ISO8601DateFormatter.h; sourceTree = "<group>"; };
		45291BFD117D37D800E1DAED /* ISO8601DateFormatter.m */ = {isa = PBXFileReference; fileEncoding = 4; lastKnownFileType = sourcecode.c.objc; path = ISO8601DateFormatter.m; sourceTree = "<group>"; };
		45291C11117D37D800E1DAED /* NSDate_Extensions.h */ = {isa = PBXFileReference; fileEncoding = 4; lastKnownFileType = sourcecode.c.h; path = NSDate_Extensions.h; sourceTree = "<group>"; };
		45291C12117D37D800E1DAED /* NSDate_Extensions.m */ = {isa = PBXFileReference; fileEncoding = 4; lastKnownFileType = sourcecode.c.objc; path = NSDate_Extensions.m; sourceTree = "<group>"; };
		45291C13117D37D800E1DAED /* NSDate_InternetDateExtensions.h */ = {isa = PBXFileReference; fileEncoding = 4; lastKnownFileType = sourcecode.c.h; path = NSDate_InternetDateExtensions.h; sourceTree = "<group>"; };
		45291C14117D37D800E1DAED /* NSDate_InternetDateExtensions.m */ = {isa = PBXFileReference; fileEncoding = 4; lastKnownFileType = sourcecode.c.objc; path = NSDate_InternetDateExtensions.m; sourceTree = "<group>"; };
		45291C15117D37D800E1DAED /* NSDateFormatter_InternetDateExtensions.h */ = {isa = PBXFileReference; fileEncoding = 4; lastKnownFileType = sourcecode.c.h; path = NSDateFormatter_InternetDateExtensions.h; sourceTree = "<group>"; };
		45291C16117D37D800E1DAED /* NSDateFormatter_InternetDateExtensions.m */ = {isa = PBXFileReference; fileEncoding = 4; lastKnownFileType = sourcecode.c.objc; path = NSDateFormatter_InternetDateExtensions.m; sourceTree = "<group>"; };
		45291C17117D37D800E1DAED /* NSData_Base64Extensions.h */ = {isa = PBXFileReference; fileEncoding = 4; lastKnownFileType = sourcecode.c.h; path = NSData_Base64Extensions.h; sourceTree = "<group>"; };
		45291C18117D37D800E1DAED /* NSData_Base64Extensions.m */ = {isa = PBXFileReference; fileEncoding = 4; lastKnownFileType = sourcecode.c.objc; path = NSData_Base64Extensions.m; sourceTree = "<group>"; };
		45291C19117D37D800E1DAED /* NSData_Extensions.h */ = {isa = PBXFileReference; fileEncoding = 4; lastKnownFileType = sourcecode.c.h; path = NSData_Extensions.h; sourceTree = "<group>"; };
		45291C1A117D37D800E1DAED /* NSData_Extensions.m */ = {isa = PBXFileReference; fileEncoding = 4; lastKnownFileType = sourcecode.c.objc; path = NSData_Extensions.m; sourceTree = "<group>"; };
		45291C1B117D37D800E1DAED /* NSDecimalNumber_Extensions.h */ = {isa = PBXFileReference; fileEncoding = 4; lastKnownFileType = sourcecode.c.h; path = NSDecimalNumber_Extensions.h; sourceTree = "<group>"; };
		45291C1C117D37D800E1DAED /* NSDecimalNumber_Extensions.m */ = {isa = PBXFileReference; fileEncoding = 4; lastKnownFileType = sourcecode.c.objc; path = NSDecimalNumber_Extensions.m; sourceTree = "<group>"; };
		45291C1D117D37D800E1DAED /* NSError_Extensions.h */ = {isa = PBXFileReference; fileEncoding = 4; lastKnownFileType = sourcecode.c.h; path = NSError_Extensions.h; sourceTree = "<group>"; };
		45291C1E117D37D800E1DAED /* NSError_Extensions.m */ = {isa = PBXFileReference; fileEncoding = 4; lastKnownFileType = sourcecode.c.objc; path = NSError_Extensions.m; sourceTree = "<group>"; };
		45291C1F117D37D800E1DAED /* NSFileManager_Extensions.h */ = {isa = PBXFileReference; fileEncoding = 4; lastKnownFileType = sourcecode.c.h; path = NSFileManager_Extensions.h; sourceTree = "<group>"; };
		45291C20117D37D800E1DAED /* NSFileManager_Extensions.m */ = {isa = PBXFileReference; fileEncoding = 4; lastKnownFileType = sourcecode.c.objc; path = NSFileManager_Extensions.m; sourceTree = "<group>"; };
		45291C21117D37D800E1DAED /* NSIndexPath_Extensions.h */ = {isa = PBXFileReference; fileEncoding = 4; lastKnownFileType = sourcecode.c.h; path = NSIndexPath_Extensions.h; sourceTree = "<group>"; };
		45291C22117D37D800E1DAED /* NSIndexPath_Extensions.m */ = {isa = PBXFileReference; fileEncoding = 4; lastKnownFileType = sourcecode.c.objc; path = NSIndexPath_Extensions.m; sourceTree = "<group>"; };
		45291C23117D37D800E1DAED /* NSOperation_DebugExtensions.h */ = {isa = PBXFileReference; fileEncoding = 4; lastKnownFileType = sourcecode.c.h; path = NSOperation_DebugExtensions.h; sourceTree = "<group>"; };
		45291C24117D37D800E1DAED /* NSOperation_DebugExtensions.m */ = {isa = PBXFileReference; fileEncoding = 4; lastKnownFileType = sourcecode.c.objc; path = NSOperation_DebugExtensions.m; sourceTree = "<group>"; };
		45291C25117D37D800E1DAED /* NSOperationQueue_Extensions.h */ = {isa = PBXFileReference; fileEncoding = 4; lastKnownFileType = sourcecode.c.h; path = NSOperationQueue_Extensions.h; sourceTree = "<group>"; };
		45291C26117D37D800E1DAED /* NSOperationQueue_Extensions.m */ = {isa = PBXFileReference; fileEncoding = 4; lastKnownFileType = sourcecode.c.objc; path = NSOperationQueue_Extensions.m; sourceTree = "<group>"; };
		45291C27117D37D800E1DAED /* NSScanner_Extensions.h */ = {isa = PBXFileReference; fileEncoding = 4; lastKnownFileType = sourcecode.c.h; path = NSScanner_Extensions.h; sourceTree = "<group>"; };
		45291C28117D37D800E1DAED /* NSScanner_Extensions.m */ = {isa = PBXFileReference; fileEncoding = 4; lastKnownFileType = sourcecode.c.objc; path = NSScanner_Extensions.m; sourceTree = "<group>"; };
		45291C29117D37D800E1DAED /* NSScanner_HTMLExtensions.h */ = {isa = PBXFileReference; fileEncoding = 4; lastKnownFileType = sourcecode.c.h; path = NSScanner_HTMLExtensions.h; sourceTree = "<group>"; };
		45291C2A117D37D800E1DAED /* NSScanner_HTMLExtensions.m */ = {isa = PBXFileReference; fileEncoding = 4; lastKnownFileType = sourcecode.c.objc; path = NSScanner_HTMLExtensions.m; sourceTree = "<group>"; };
		45291C2B117D37D800E1DAED /* NSString_Extensions.h */ = {isa = PBXFileReference; fileEncoding = 4; lastKnownFileType = sourcecode.c.h; path = NSString_Extensions.h; sourceTree = "<group>"; };
		45291C2C117D37D800E1DAED /* NSString_Extensions.m */ = {isa = PBXFileReference; fileEncoding = 4; lastKnownFileType = sourcecode.c.objc; path = NSString_Extensions.m; sourceTree = "<group>"; };
		45291C2D117D37D800E1DAED /* NSURL_DataExtensions.h */ = {isa = PBXFileReference; fileEncoding = 4; lastKnownFileType = sourcecode.c.h; path = NSURL_DataExtensions.h; sourceTree = "<group>"; };
		45291C2E117D37D800E1DAED /* NSURL_DataExtensions.m */ = {isa = PBXFileReference; fileEncoding = 4; lastKnownFileType = sourcecode.c.objc; path = NSURL_DataExtensions.m; sourceTree = "<group>"; };
		45291C2F117D37D800E1DAED /* NSURL_Extensions.h */ = {isa = PBXFileReference; fileEncoding = 4; lastKnownFileType = sourcecode.c.h; path = NSURL_Extensions.h; sourceTree = "<group>"; };
		45291C30117D37D800E1DAED /* NSURL_Extensions.m */ = {isa = PBXFileReference; fileEncoding = 4; lastKnownFileType = sourcecode.c.objc; path = NSURL_Extensions.m; sourceTree = "<group>"; };
		45291C31117D37D800E1DAED /* NSURLResponse_Extensions.h */ = {isa = PBXFileReference; fileEncoding = 4; lastKnownFileType = sourcecode.c.h; path = NSURLResponse_Extensions.h; sourceTree = "<group>"; };
		45291C32117D37D800E1DAED /* NSURLResponse_Extensions.m */ = {isa = PBXFileReference; fileEncoding = 4; lastKnownFileType = sourcecode.c.objc; path = NSURLResponse_Extensions.m; sourceTree = "<group>"; };
		45291C33117D37D800E1DAED /* NSValue_Extensions.h */ = {isa = PBXFileReference; fileEncoding = 4; lastKnownFileType = sourcecode.c.h; path = NSValue_Extensions.h; sourceTree = "<group>"; };
		45291C34117D37D800E1DAED /* NSValue_Extensions.m */ = {isa = PBXFileReference; fileEncoding = 4; lastKnownFileType = sourcecode.c.objc; path = NSValue_Extensions.m; sourceTree = "<group>"; };
		45291C36117D37D800E1DAED /* CInvocationGrabber.h */ = {isa = PBXFileReference; fileEncoding = 4; lastKnownFileType = sourcecode.c.h; path = CInvocationGrabber.h; sourceTree = "<group>"; };
		45291C37117D37D800E1DAED /* CInvocationGrabber.m */ = {isa = PBXFileReference; fileEncoding = 4; lastKnownFileType = sourcecode.c.objc; path = CInvocationGrabber.m; sourceTree = "<group>"; };
		45291C38117D37D800E1DAED /* NSObject_InvocationGrabberExtensions.h */ = {isa = PBXFileReference; fileEncoding = 4; lastKnownFileType = sourcecode.c.h; path = NSObject_InvocationGrabberExtensions.h; sourceTree = "<group>"; };
		45291C39117D37D800E1DAED /* NSObject_InvocationGrabberExtensions.m */ = {isa = PBXFileReference; fileEncoding = 4; lastKnownFileType = sourcecode.c.objc; path = NSObject_InvocationGrabberExtensions.m; sourceTree = "<group>"; };
		45291C3A117D37D800E1DAED /* TouchcodePrefix.h */ = {isa = PBXFileReference; fileEncoding = 4; lastKnownFileType = sourcecode.c.h; path = TouchcodePrefix.h; sourceTree = "<group>"; };
		45291C3C117D37D800E1DAED /* CBundleResourceURLProtocol.h */ = {isa = PBXFileReference; fileEncoding = 4; lastKnownFileType = sourcecode.c.h; path = CBundleResourceURLProtocol.h; sourceTree = "<group>"; };
		45291C3D117D37D800E1DAED /* CBundleResourceURLProtocol.m */ = {isa = PBXFileReference; fileEncoding = 4; lastKnownFileType = sourcecode.c.objc; path = CBundleResourceURLProtocol.m; sourceTree = "<group>"; };
		45291C3F117D37D800E1DAED /* CNumberToStringValueTransformer.h */ = {isa = PBXFileReference; fileEncoding = 4; lastKnownFileType = sourcecode.c.h; path = CNumberToStringValueTransformer.h; sourceTree = "<group>"; };
		45291C40117D37D800E1DAED /* CNumberToStringValueTransformer.m */ = {isa = PBXFileReference; fileEncoding = 4; lastKnownFileType = sourcecode.c.objc; path = CNumberToStringValueTransformer.m; sourceTree = "<group>"; };
		452B995511AE3C85002C0BB3 /* UnitTests.octest */ = {isa = PBXFileReference; explicitFileType = wrapper.cfbundle; includeInIndex = 0; path = UnitTests.octest; sourceTree = BUILT_PRODUCTS_DIR; };
		452B995611AE3C85002C0BB3 /* UnitTests-Info.plist */ = {isa = PBXFileReference; lastKnownFileType = text.plist.xml; path = "UnitTests-Info.plist"; sourceTree = "<group>"; };
		452B995E11AE3CCF002C0BB3 /* BasicTests.h */ = {isa = PBXFileReference; fileEncoding = 4; lastKnownFileType = sourcecode.c.h; path = BasicTests.h; sourceTree = "<group>"; };
		452B995F11AE3CCF002C0BB3 /* BasicTests.m */ = {isa = PBXFileReference; fileEncoding = 4; lastKnownFileType = sourcecode.c.objc; path = BasicTests.m; sourceTree = "<group>"; };
		455AD014117E2ABA00ABAAA3 /* CouchDBClientTypes.h */ = {isa = PBXFileReference; fileEncoding = 4; lastKnownFileType = sourcecode.c.h; path = CouchDBClientTypes.h; sourceTree = "<group>"; };
		455C883E117F52A1005E0B84 /* English */ = {isa = PBXFileReference; fileEncoding = 4; lastKnownFileType = text.plist.strings; name = English; path = English.lproj/InfoPlist.strings; sourceTree = "<group>"; };
		455C8840117F52A1005E0B84 /* English */ = {isa = PBXFileReference; lastKnownFileType = file.xib; name = English; path = English.lproj/MainMenu.xib; sourceTree = "<group>"; };
		455C8841117F52A1005E0B84 /* Info.plist */ = {isa = PBXFileReference; fileEncoding = 4; lastKnownFileType = text.plist.xml; path = Info.plist; sourceTree = "<group>"; };
		455C8843117F52A1005E0B84 /* CDictionaryToJSONStringValueTransformer.h */ = {isa = PBXFileReference; fileEncoding = 4; lastKnownFileType = sourcecode.c.h; path = CDictionaryToJSONStringValueTransformer.h; sourceTree = "<group>"; };
		455C8844117F52A1005E0B84 /* CDictionaryToJSONStringValueTransformer.m */ = {isa = PBXFileReference; fileEncoding = 4; lastKnownFileType = sourcecode.c.objc; path = CDictionaryToJSONStringValueTransformer.m; sourceTree = "<group>"; };
		455C8845117F52A1005E0B84 /* CURLToStringValueTransformer.h */ = {isa = PBXFileReference; fileEncoding = 4; lastKnownFileType = sourcecode.c.h; path = CURLToStringValueTransformer.h; sourceTree = "<group>"; };
		455C8846117F52A1005E0B84 /* CURLToStringValueTransformer.m */ = {isa = PBXFileReference; fileEncoding = 4; lastKnownFileType = sourcecode.c.objc; path = CURLToStringValueTransformer.m; sourceTree = "<group>"; };
		455C8847117F52A1005E0B84 /* FootstoolAppDelegate.h */ = {isa = PBXFileReference; fileEncoding = 4; lastKnownFileType = sourcecode.c.h; path = FootstoolAppDelegate.h; sourceTree = "<group>"; };
		455C8848117F52A1005E0B84 /* FootstoolAppDelegate.m */ = {isa = PBXFileReference; fileEncoding = 4; lastKnownFileType = sourcecode.c.objc; path = FootstoolAppDelegate.m; sourceTree = "<group>"; };
		455C8849117F52A1005E0B84 /* main.m */ = {isa = PBXFileReference; fileEncoding = 4; lastKnownFileType = sourcecode.c.objc; path = main.m; sourceTree = "<group>"; };
		455C884A117F52A1005E0B84 /* NSArray_ConvenienceExtensions.h */ = {isa = PBXFileReference; fileEncoding = 4; lastKnownFileType = sourcecode.c.h; path = NSArray_ConvenienceExtensions.h; sourceTree = "<group>"; };
		455C884B117F52A1005E0B84 /* NSArray_ConvenienceExtensions.m */ = {isa = PBXFileReference; fileEncoding = 4; lastKnownFileType = sourcecode.c.objc; path = NSArray_ConvenienceExtensions.m; sourceTree = "<group>"; };
		455C884C117F52A1005E0B84 /* NSDictionary_MoreBlockExtensions.h */ = {isa = PBXFileReference; fileEncoding = 4; lastKnownFileType = sourcecode.c.h; path = NSDictionary_MoreBlockExtensions.h; sourceTree = "<group>"; };
		455C884D117F52A1005E0B84 /* NSDictionary_MoreBlockExtensions.m */ = {isa = PBXFileReference; fileEncoding = 4; lastKnownFileType = sourcecode.c.objc; path = NSDictionary_MoreBlockExtensions.m; sourceTree = "<group>"; };
		455C884E117F52A1005E0B84 /* Prefix.pch */ = {isa = PBXFileReference; fileEncoding = 4; lastKnownFileType = sourcecode.c.h; path = Prefix.pch; sourceTree = "<group>"; };
		8D1107320486CEB800E47090 /* Trundle GUI Sample.app */ = {isa = PBXFileReference; explicitFileType = wrapper.application; includeInIndex = 0; path = "Trundle GUI Sample.app"; sourceTree = BUILT_PRODUCTS_DIR; };
/* End PBXFileReference section */

/* Begin PBXFrameworksBuildPhase section */
		452B995211AE3C85002C0BB3 /* Frameworks */ = {
			isa = PBXFrameworksBuildPhase;
			buildActionMask = 2147483647;
			files = (
			);
			runOnlyForDeploymentPostprocessing = 0;
		};
		8D11072E0486CEB800E47090 /* Frameworks */ = {
			isa = PBXFrameworksBuildPhase;
			buildActionMask = 2147483647;
			files = (
				8D11072F0486CEB800E47090 /* Cocoa.framework in Frameworks */,
			);
			runOnlyForDeploymentPostprocessing = 0;
		};
/* End PBXFrameworksBuildPhase section */

/* Begin PBXGroup section */
		1058C7A0FEA54F0111CA2CBB /* Linked Frameworks */ = {
			isa = PBXGroup;
			children = (
				1058C7A1FEA54F0111CA2CBB /* Cocoa.framework */,
			);
			name = "Linked Frameworks";
			sourceTree = "<group>";
		};
		1058C7A2FEA54F0111CA2CBB /* Other Frameworks */ = {
			isa = PBXGroup;
			children = (
				29B97324FDCFA39411CA2CEA /* AppKit.framework */,
				13E42FB307B3F0F600E4EEF1 /* CoreData.framework */,
				29B97325FDCFA39411CA2CEA /* Foundation.framework */,
			);
			name = "Other Frameworks";
			sourceTree = "<group>";
		};
		19C28FACFE9D520D11CA2CBB /* Products */ = {
			isa = PBXGroup;
			children = (
				8D1107320486CEB800E47090 /* Trundle GUI Sample.app */,
				452B995511AE3C85002C0BB3 /* UnitTests.octest */,
			);
			name = Products;
			sourceTree = "<group>";
		};
		29B97314FDCFA39411CA2CEA /* Footstool */ = {
			isa = PBXGroup;
			children = (
				455C883C117F52A1005E0B84 /* Resources */,
				455C8842117F52A1005E0B84 /* Source */,
				45291ADD117D37A900E1DAED /* Source */,
				452B995D11AE3CB8002C0BB3 /* UnitTests */,
				455C8832117F5285005E0B84 /* Externals */,
				29B97323FDCFA39411CA2CEA /* Frameworks */,
				19C28FACFE9D520D11CA2CBB /* Products */,
				452B995611AE3C85002C0BB3 /* UnitTests-Info.plist */,
			);
			name = Footstool;
			sourceTree = "<group>";
		};
		29B97323FDCFA39411CA2CEA /* Frameworks */ = {
			isa = PBXGroup;
			children = (
				1058C7A0FEA54F0111CA2CBB /* Linked Frameworks */,
				1058C7A2FEA54F0111CA2CBB /* Other Frameworks */,
			);
			name = Frameworks;
			sourceTree = "<group>";
		};
		45291ADD117D37A900E1DAED /* Source */ = {
			isa = PBXGroup;
			children = (
				45291ADE117D37A900E1DAED /* CCouchDBURLOperation.h */,
				45291ADF117D37A900E1DAED /* CCouchDBURLOperation.m */,
				45291AE0117D37A900E1DAED /* CouchDBClientConstants.h */,
				45291AE1117D37A900E1DAED /* CouchDBClientConstants.m */,
				455AD014117E2ABA00ABAAA3 /* CouchDBClientTypes.h */,
				45291AE3117D37A900E1DAED /* CCouchDBAttachment.h */,
				45291AE4117D37A900E1DAED /* CCouchDBAttachment.m */,
				45291AE5117D37A900E1DAED /* CCouchDBDatabase.h */,
				45291AE6117D37A900E1DAED /* CCouchDBDatabase.m */,
				45291AE7117D37A900E1DAED /* CCouchDBDocument.h */,
				45291AE8117D37A900E1DAED /* CCouchDBDocument.m */,
				45291AE9117D37A900E1DAED /* CCouchDBServer.h */,
				45291AEA117D37A900E1DAED /* CCouchDBServer.m */,
			);
			name = Source;
			path = ../../Source;
			sourceTree = SOURCE_ROOT;
		};
		45291AFC117D37CD00E1DAED /* TouchJSON */ = {
			isa = PBXGroup;
			children = (
				45291B15117D37CD00E1DAED /* Source */,
			);
			name = TouchJSON;
			path = ../../Externals/touchcode/TouchJSON;
			sourceTree = SOURCE_ROOT;
		};
		45291B15117D37CD00E1DAED /* Source */ = {
			isa = PBXGroup;
			children = (
				45291B16117D37CD00E1DAED /* CDataScanner.h */,
				45291B17117D37CD00E1DAED /* CDataScanner.m */,
				45291B18117D37CD00E1DAED /* Extensions */,
				45291B21117D37CD00E1DAED /* JSON */,
			);
			path = Source;
			sourceTree = "<group>";
		};
		45291B18117D37CD00E1DAED /* Extensions */ = {
			isa = PBXGroup;
			children = (
				45291B19117D37CD00E1DAED /* CDataScanner_Extensions.h */,
				45291B1A117D37CD00E1DAED /* CDataScanner_Extensions.m */,
				45291B1B117D37CD00E1DAED /* NSCharacterSet_Extensions.h */,
				45291B1C117D37CD00E1DAED /* NSCharacterSet_Extensions.m */,
				45291B1D117D37CD00E1DAED /* NSDictionary_JSONExtensions.h */,
				45291B1E117D37CD00E1DAED /* NSDictionary_JSONExtensions.m */,
				45291B1F117D37CD00E1DAED /* NSScanner_Extensions.h */,
				45291B20117D37CD00E1DAED /* NSScanner_Extensions.m */,
			);
			path = Extensions;
			sourceTree = "<group>";
		};
		45291B21117D37CD00E1DAED /* JSON */ = {
			isa = PBXGroup;
			children = (
				45291B22117D37CD00E1DAED /* CJSONDataSerializer.h */,
				45291B23117D37CD00E1DAED /* CJSONDataSerializer.m */,
				45291B24117D37CD00E1DAED /* CJSONDeserializer.h */,
				45291B25117D37CD00E1DAED /* CJSONDeserializer.m */,
				45291B26117D37CD00E1DAED /* CJSONScanner.h */,
				45291B27117D37CD00E1DAED /* CJSONScanner.m */,
				45291B28117D37CD00E1DAED /* CJSONSerializer.h */,
				45291B29117D37CD00E1DAED /* CJSONSerializer.m */,
				45291B2A117D37CD00E1DAED /* CSerializedJSONData.h */,
				45291B2B117D37CD00E1DAED /* CSerializedJSONData.m */,
			);
			path = JSON;
			sourceTree = "<group>";
		};
		45291BD2117D37D700E1DAED /* Support */ = {
			isa = PBXGroup;
			children = (
				45291BD3117D37D700E1DAED /* Common */,
			);
			name = Support;
			path = ../../Externals/touchcode/Support;
			sourceTree = SOURCE_ROOT;
		};
		45291BD3117D37D700E1DAED /* Common */ = {
			isa = PBXGroup;
			children = (
				45291BD4117D37D700E1DAED /* Base64Transcoder.c */,
				45291BD5117D37D700E1DAED /* Base64Transcoder.h */,
				45291BD6117D37D700E1DAED /* CBetterOperation.h */,
				45291BD7117D37D700E1DAED /* CBetterOperation.m */,
				45291BD8117D37D700E1DAED /* CCommaArrayTransformer.h */,
				45291BD9117D37D700E1DAED /* CCommaArrayTransformer.m */,
				45291BDA117D37D700E1DAED /* CConcurrentOperation.h */,
				45291BDB117D37D700E1DAED /* CConcurrentOperation.m */,
				45291BDC117D37D700E1DAED /* CDateRange.h */,
				45291BDD117D37D700E1DAED /* CDateRange.m */,
				45291BDE117D37D700E1DAED /* CFloatTransformer.h */,
				45291BDF117D37D700E1DAED /* CFloatTransformer.m */,
				45291BE0117D37D700E1DAED /* CHumanDateFormatter.h */,
				45291BE1117D37D700E1DAED /* CHumanDateFormatter.m */,
				45291BE2117D37D700E1DAED /* CLazyCache.h */,
				45291BE3117D37D700E1DAED /* CLazyCache.m */,
				45291BED117D37D700E1DAED /* CPointerArray.h */,
				45291BEE117D37D700E1DAED /* CPointerArray.m */,
				45291BEF117D37D700E1DAED /* CTempFile.h */,
				45291BF0117D37D700E1DAED /* CTempFile.m */,
				45291BF1117D37D700E1DAED /* CTemporaryData.h */,
				45291BF2117D37D700E1DAED /* CTemporaryData.m */,
				45291BF3117D37D700E1DAED /* CTrivialTemplate.h */,
				45291BF4117D37D700E1DAED /* CTrivialTemplate.m */,
				45291BF5117D37D700E1DAED /* CURLOperation.h */,
				45291BF6117D37D700E1DAED /* CURLOperation.m */,
				45291BF7117D37D700E1DAED /* CValueValidator.h */,
				45291BF8117D37D700E1DAED /* CValueValidator.m */,
				45291BF9117D37D700E1DAED /* Extensions */,
				45291C35117D37D800E1DAED /* InvocationGrabber */,
				45291C3A117D37D800E1DAED /* TouchcodePrefix.h */,
				45291C3B117D37D800E1DAED /* URLProtocols */,
				45291C3E117D37D800E1DAED /* ValueTransformers */,
			);
			path = Common;
			sourceTree = "<group>";
		};
		45291BF9117D37D700E1DAED /* Extensions */ = {
			isa = PBXGroup;
			children = (
				45291BFA117D37D700E1DAED /* Dates */,
				45291C17117D37D800E1DAED /* NSData_Base64Extensions.h */,
				45291C18117D37D800E1DAED /* NSData_Base64Extensions.m */,
				45291C19117D37D800E1DAED /* NSData_Extensions.h */,
				45291C1A117D37D800E1DAED /* NSData_Extensions.m */,
				45291C1B117D37D800E1DAED /* NSDecimalNumber_Extensions.h */,
				45291C1C117D37D800E1DAED /* NSDecimalNumber_Extensions.m */,
				45291C1D117D37D800E1DAED /* NSError_Extensions.h */,
				45291C1E117D37D800E1DAED /* NSError_Extensions.m */,
				45291C1F117D37D800E1DAED /* NSFileManager_Extensions.h */,
				45291C20117D37D800E1DAED /* NSFileManager_Extensions.m */,
				45291C21117D37D800E1DAED /* NSIndexPath_Extensions.h */,
				45291C22117D37D800E1DAED /* NSIndexPath_Extensions.m */,
				45291C23117D37D800E1DAED /* NSOperation_DebugExtensions.h */,
				45291C24117D37D800E1DAED /* NSOperation_DebugExtensions.m */,
				45291C25117D37D800E1DAED /* NSOperationQueue_Extensions.h */,
				45291C26117D37D800E1DAED /* NSOperationQueue_Extensions.m */,
				45291C27117D37D800E1DAED /* NSScanner_Extensions.h */,
				45291C28117D37D800E1DAED /* NSScanner_Extensions.m */,
				45291C29117D37D800E1DAED /* NSScanner_HTMLExtensions.h */,
				45291C2A117D37D800E1DAED /* NSScanner_HTMLExtensions.m */,
				45291C2B117D37D800E1DAED /* NSString_Extensions.h */,
				45291C2C117D37D800E1DAED /* NSString_Extensions.m */,
				45291C2D117D37D800E1DAED /* NSURL_DataExtensions.h */,
				45291C2E117D37D800E1DAED /* NSURL_DataExtensions.m */,
				45291C2F117D37D800E1DAED /* NSURL_Extensions.h */,
				45291C30117D37D800E1DAED /* NSURL_Extensions.m */,
				45291C31117D37D800E1DAED /* NSURLResponse_Extensions.h */,
				45291C32117D37D800E1DAED /* NSURLResponse_Extensions.m */,
				45291C33117D37D800E1DAED /* NSValue_Extensions.h */,
				45291C34117D37D800E1DAED /* NSValue_Extensions.m */,
			);
			path = Extensions;
			sourceTree = "<group>";
		};
		45291BFA117D37D700E1DAED /* Dates */ = {
			isa = PBXGroup;
			children = (
				45291BFB117D37D700E1DAED /* ISO-8601-parser-0.5 */,
				45291C11117D37D800E1DAED /* NSDate_Extensions.h */,
				45291C12117D37D800E1DAED /* NSDate_Extensions.m */,
				45291C13117D37D800E1DAED /* NSDate_InternetDateExtensions.h */,
				45291C14117D37D800E1DAED /* NSDate_InternetDateExtensions.m */,
				45291C15117D37D800E1DAED /* NSDateFormatter_InternetDateExtensions.h */,
				45291C16117D37D800E1DAED /* NSDateFormatter_InternetDateExtensions.m */,
			);
			path = Dates;
			sourceTree = "<group>";
		};
		45291BFB117D37D700E1DAED /* ISO-8601-parser-0.5 */ = {
			isa = PBXGroup;
			children = (
				45291BFC117D37D800E1DAED /* ISO8601DateFormatter.h */,
				45291BFD117D37D800E1DAED /* ISO8601DateFormatter.m */,
			);
			path = "ISO-8601-parser-0.5";
			sourceTree = "<group>";
		};
		45291C35117D37D800E1DAED /* InvocationGrabber */ = {
			isa = PBXGroup;
			children = (
				45291C36117D37D800E1DAED /* CInvocationGrabber.h */,
				45291C37117D37D800E1DAED /* CInvocationGrabber.m */,
				45291C38117D37D800E1DAED /* NSObject_InvocationGrabberExtensions.h */,
				45291C39117D37D800E1DAED /* NSObject_InvocationGrabberExtensions.m */,
			);
			path = InvocationGrabber;
			sourceTree = "<group>";
		};
		45291C3B117D37D800E1DAED /* URLProtocols */ = {
			isa = PBXGroup;
			children = (
				45291C3C117D37D800E1DAED /* CBundleResourceURLProtocol.h */,
				45291C3D117D37D800E1DAED /* CBundleResourceURLProtocol.m */,
			);
			path = URLProtocols;
			sourceTree = "<group>";
		};
		45291C3E117D37D800E1DAED /* ValueTransformers */ = {
			isa = PBXGroup;
			children = (
				45291C3F117D37D800E1DAED /* CNumberToStringValueTransformer.h */,
				45291C40117D37D800E1DAED /* CNumberToStringValueTransformer.m */,
			);
			path = ValueTransformers;
			sourceTree = "<group>";
		};
		452B995D11AE3CB8002C0BB3 /* UnitTests */ = {
			isa = PBXGroup;
			children = (
				452B995E11AE3CCF002C0BB3 /* BasicTests.h */,
				452B995F11AE3CCF002C0BB3 /* BasicTests.m */,
			);
			name = UnitTests;
			path = ../../UnitTests;
			sourceTree = SOURCE_ROOT;
		};
		455C8832117F5285005E0B84 /* Externals */ = {
			isa = PBXGroup;
			children = (
				455C8835117F528E005E0B84 /* touchcode */,
			);
			name = Externals;
			sourceTree = "<group>";
		};
		455C8835117F528E005E0B84 /* touchcode */ = {
			isa = PBXGroup;
			children = (
				45291AFC117D37CD00E1DAED /* TouchJSON */,
				45291BD2117D37D700E1DAED /* Support */,
			);
			name = touchcode;
			sourceTree = "<group>";
		};
		455C883C117F52A1005E0B84 /* Resources */ = {
			isa = PBXGroup;
			children = (
				455C883D117F52A1005E0B84 /* InfoPlist.strings */,
				455C883F117F52A1005E0B84 /* MainMenu.xib */,
				455C8841117F52A1005E0B84 /* Info.plist */,
			);
			path = Resources;
			sourceTree = "<group>";
		};
		455C8842117F52A1005E0B84 /* Source */ = {
			isa = PBXGroup;
			children = (
				455C8843117F52A1005E0B84 /* CDictionaryToJSONStringValueTransformer.h */,
				455C8844117F52A1005E0B84 /* CDictionaryToJSONStringValueTransformer.m */,
				455C8845117F52A1005E0B84 /* CURLToStringValueTransformer.h */,
				455C8846117F52A1005E0B84 /* CURLToStringValueTransformer.m */,
				455C8847117F52A1005E0B84 /* FootstoolAppDelegate.h */,
				455C8848117F52A1005E0B84 /* FootstoolAppDelegate.m */,
				455C8849117F52A1005E0B84 /* main.m */,
				455C884A117F52A1005E0B84 /* NSArray_ConvenienceExtensions.h */,
				455C884B117F52A1005E0B84 /* NSArray_ConvenienceExtensions.m */,
				455C884C117F52A1005E0B84 /* NSDictionary_MoreBlockExtensions.h */,
				455C884D117F52A1005E0B84 /* NSDictionary_MoreBlockExtensions.m */,
				455C884E117F52A1005E0B84 /* Prefix.pch */,
			);
			path = Source;
			sourceTree = "<group>";
		};
/* End PBXGroup section */

/* Begin PBXNativeTarget section */
		452B995411AE3C85002C0BB3 /* UnitTests */ = {
			isa = PBXNativeTarget;
			buildConfigurationList = 452B995B11AE3C85002C0BB3 /* Build configuration list for PBXNativeTarget "UnitTests" */;
			buildPhases = (
				452B995011AE3C85002C0BB3 /* Resources */,
				452B995111AE3C85002C0BB3 /* Sources */,
				452B995211AE3C85002C0BB3 /* Frameworks */,
				452B995311AE3C85002C0BB3 /* ShellScript */,
			);
			buildRules = (
			);
			dependencies = (
			);
			name = UnitTests;
			productName = UnitTests;
			productReference = 452B995511AE3C85002C0BB3 /* UnitTests.octest */;
			productType = "com.apple.product-type.bundle";
		};
		8D1107260486CEB800E47090 /* GUI Sample */ = {
			isa = PBXNativeTarget;
			buildConfigurationList = C01FCF4A08A954540054247B /* Build configuration list for PBXNativeTarget "GUI Sample" */;
			buildPhases = (
				8D1107290486CEB800E47090 /* Resources */,
				8D11072C0486CEB800E47090 /* Sources */,
				8D11072E0486CEB800E47090 /* Frameworks */,
			);
			buildRules = (
			);
			dependencies = (
			);
			name = "GUI Sample";
			productInstallPath = "$(HOME)/Applications";
			productName = Footstool;
			productReference = 8D1107320486CEB800E47090 /* Trundle GUI Sample.app */;
			productType = "com.apple.product-type.application";
		};
/* End PBXNativeTarget section */

/* Begin PBXProject section */
		29B97313FDCFA39411CA2CEA /* Project object */ = {
			isa = PBXProject;
			buildConfigurationList = C01FCF4E08A954540054247B /* Build configuration list for PBXProject "Trundle GUI Sample" */;
			compatibilityVersion = "Xcode 3.1";
			hasScannedForEncodings = 1;
			knownRegions = (
				English,
				Japanese,
				French,
				German,
				_english,
			);
			mainGroup = 29B97314FDCFA39411CA2CEA /* Footstool */;
			projectDirPath = "";
			projectRoot = "";
			targets = (
				8D1107260486CEB800E47090 /* GUI Sample */,
				452B995411AE3C85002C0BB3 /* UnitTests */,
			);
		};
/* End PBXProject section */

/* Begin PBXResourcesBuildPhase section */
		452B995011AE3C85002C0BB3 /* Resources */ = {
			isa = PBXResourcesBuildPhase;
			buildActionMask = 2147483647;
			files = (
			);
			runOnlyForDeploymentPostprocessing = 0;
		};
		8D1107290486CEB800E47090 /* Resources */ = {
			isa = PBXResourcesBuildPhase;
			buildActionMask = 2147483647;
			files = (
				455C884F117F52A1005E0B84 /* InfoPlist.strings in Resources */,
				455C8850117F52A1005E0B84 /* MainMenu.xib in Resources */,
			);
			runOnlyForDeploymentPostprocessing = 0;
		};
/* End PBXResourcesBuildPhase section */

/* Begin PBXShellScriptBuildPhase section */
		452B995311AE3C85002C0BB3 /* ShellScript */ = {
			isa = PBXShellScriptBuildPhase;
			buildActionMask = 2147483647;
			files = (
			);
			inputPaths = (
			);
			outputPaths = (
			);
			runOnlyForDeploymentPostprocessing = 0;
			shellPath = /bin/sh;
			shellScript = "# Run the unit tests in this test bundle.\n\"${SYSTEM_DEVELOPER_DIR}/Tools/RunUnitTests\"\n";
		};
/* End PBXShellScriptBuildPhase section */

/* Begin PBXSourcesBuildPhase section */
		452B995111AE3C85002C0BB3 /* Sources */ = {
			isa = PBXSourcesBuildPhase;
			buildActionMask = 2147483647;
			files = (
				452B996311AE3CD9002C0BB3 /* BasicTests.m in Sources */,
				452B996411AE3CDA002C0BB3 /* CCouchDBServer.m in Sources */,
				452B996511AE3CDB002C0BB3 /* CCouchDBDocument.m in Sources */,
				452B996611AE3CDD002C0BB3 /* CCouchDBAttachment.m in Sources */,
				452B996711AE3CDD002C0BB3 /* CCouchDBDatabase.m in Sources */,
				452B996811AE3CDE002C0BB3 /* CouchDBClientConstants.m in Sources */,
				452B996911AE3CDF002C0BB3 /* CCouchDBURLOperation.m in Sources */,
				452B996C11AE3D00002C0BB3 /* CDataScanner.m in Sources */,
				452B996D11AE3D03002C0BB3 /* CDataScanner_Extensions.m in Sources */,
				452B996E11AE3D04002C0BB3 /* NSCharacterSet_Extensions.m in Sources */,
				452B996F11AE3D05002C0BB3 /* NSDictionary_JSONExtensions.m in Sources */,
				452B997011AE3D06002C0BB3 /* NSScanner_Extensions.m in Sources */,
				452B997111AE3D07002C0BB3 /* CJSONDataSerializer.m in Sources */,
				452B997211AE3D08002C0BB3 /* CJSONDeserializer.m in Sources */,
				452B997311AE3D09002C0BB3 /* CJSONScanner.m in Sources */,
				452B997411AE3D09002C0BB3 /* CJSONSerializer.m in Sources */,
				452B997511AE3D0A002C0BB3 /* CSerializedJSONData.m in Sources */,
				452B997811AE3D21002C0BB3 /* CURLOperation.m in Sources */,
				452B997B11AE3D29002C0BB3 /* CTemporaryData.m in Sources */,
			);
			runOnlyForDeploymentPostprocessing = 0;
		};
		8D11072C0486CEB800E47090 /* Sources */ = {
			isa = PBXSourcesBuildPhase;
			buildActionMask = 2147483647;
			files = (
				45291AF1117D37A900E1DAED /* CCouchDBURLOperation.m in Sources */,
				45291AF2117D37A900E1DAED /* CouchDBClientConstants.m in Sources */,
				45291AF3117D37A900E1DAED /* CCouchDBAttachment.m in Sources */,
				45291AF4117D37A900E1DAED /* CCouchDBDatabase.m in Sources */,
				45291AF5117D37A900E1DAED /* CCouchDBDocument.m in Sources */,
				45291AF6117D37A900E1DAED /* CCouchDBServer.m in Sources */,
				45291B7E117D37CD00E1DAED /* CDataScanner.m in Sources */,
				45291B7F117D37CD00E1DAED /* CDataScanner_Extensions.m in Sources */,
				45291B80117D37CD00E1DAED /* NSCharacterSet_Extensions.m in Sources */,
				45291B81117D37CD00E1DAED /* NSDictionary_JSONExtensions.m in Sources */,
				45291B82117D37CD00E1DAED /* NSScanner_Extensions.m in Sources */,
				45291B83117D37CD00E1DAED /* CJSONDataSerializer.m in Sources */,
				45291B84117D37CD00E1DAED /* CJSONDeserializer.m in Sources */,
				45291B85117D37CD00E1DAED /* CJSONScanner.m in Sources */,
				45291B86117D37CD00E1DAED /* CJSONSerializer.m in Sources */,
				45291B87117D37CD00E1DAED /* CSerializedJSONData.m in Sources */,
				45291C52117D37D800E1DAED /* Base64Transcoder.c in Sources */,
				45291C53117D37D800E1DAED /* CBetterOperation.m in Sources */,
				45291C54117D37D800E1DAED /* CCommaArrayTransformer.m in Sources */,
				45291C55117D37D800E1DAED /* CConcurrentOperation.m in Sources */,
				45291C56117D37D800E1DAED /* CDateRange.m in Sources */,
				45291C57117D37D800E1DAED /* CFloatTransformer.m in Sources */,
				45291C58117D37D800E1DAED /* CHumanDateFormatter.m in Sources */,
				45291C59117D37D800E1DAED /* CLazyCache.m in Sources */,
				45291C5E117D37D800E1DAED /* CPointerArray.m in Sources */,
				45291C5F117D37D800E1DAED /* CTempFile.m in Sources */,
				45291C60117D37D800E1DAED /* CTemporaryData.m in Sources */,
				45291C61117D37D800E1DAED /* CTrivialTemplate.m in Sources */,
				45291C62117D37D800E1DAED /* CURLOperation.m in Sources */,
				45291C63117D37D800E1DAED /* CValueValidator.m in Sources */,
				45291C64117D37D800E1DAED /* ISO8601DateFormatter.m in Sources */,
				45291C77117D37D800E1DAED /* NSDate_Extensions.m in Sources */,
				45291C78117D37D800E1DAED /* NSDate_InternetDateExtensions.m in Sources */,
				45291C79117D37D800E1DAED /* NSDateFormatter_InternetDateExtensions.m in Sources */,
				45291C7A117D37D800E1DAED /* NSData_Base64Extensions.m in Sources */,
				45291C7B117D37D800E1DAED /* NSData_Extensions.m in Sources */,
				45291C7C117D37D800E1DAED /* NSDecimalNumber_Extensions.m in Sources */,
				45291C7D117D37D800E1DAED /* NSError_Extensions.m in Sources */,
				45291C7E117D37D800E1DAED /* NSFileManager_Extensions.m in Sources */,
				45291C7F117D37D800E1DAED /* NSIndexPath_Extensions.m in Sources */,
				45291C80117D37D800E1DAED /* NSOperation_DebugExtensions.m in Sources */,
				45291C81117D37D800E1DAED /* NSOperationQueue_Extensions.m in Sources */,
				45291C82117D37D800E1DAED /* NSScanner_Extensions.m in Sources */,
				45291C83117D37D800E1DAED /* NSScanner_HTMLExtensions.m in Sources */,
				45291C84117D37D800E1DAED /* NSString_Extensions.m in Sources */,
				45291C85117D37D800E1DAED /* NSURL_DataExtensions.m in Sources */,
				45291C86117D37D800E1DAED /* NSURL_Extensions.m in Sources */,
				45291C87117D37D800E1DAED /* NSURLResponse_Extensions.m in Sources */,
				45291C88117D37D800E1DAED /* NSValue_Extensions.m in Sources */,
				45291C89117D37D800E1DAED /* CInvocationGrabber.m in Sources */,
				45291C8A117D37D800E1DAED /* NSObject_InvocationGrabberExtensions.m in Sources */,
				45291C8B117D37D800E1DAED /* CBundleResourceURLProtocol.m in Sources */,
				45291C8C117D37D800E1DAED /* CNumberToStringValueTransformer.m in Sources */,
				455C8852117F52A1005E0B84 /* CDictionaryToJSONStringValueTransformer.m in Sources */,
				455C8853117F52A1005E0B84 /* CURLToStringValueTransformer.m in Sources */,
				455C8854117F52A1005E0B84 /* FootstoolAppDelegate.m in Sources */,
				455C8855117F52A1005E0B84 /* main.m in Sources */,
				455C8856117F52A1005E0B84 /* NSArray_ConvenienceExtensions.m in Sources */,
				455C8857117F52A1005E0B84 /* NSDictionary_MoreBlockExtensions.m in Sources */,
				452B996011AE3CCF002C0BB3 /* BasicTests.m in Sources */,
			);
			runOnlyForDeploymentPostprocessing = 0;
		};
/* End PBXSourcesBuildPhase section */

/* Begin PBXVariantGroup section */
		455C883D117F52A1005E0B84 /* InfoPlist.strings */ = {
			isa = PBXVariantGroup;
			children = (
				455C883E117F52A1005E0B84 /* English */,
			);
			name = InfoPlist.strings;
			sourceTree = "<group>";
		};
		455C883F117F52A1005E0B84 /* MainMenu.xib */ = {
			isa = PBXVariantGroup;
			children = (
				455C8840117F52A1005E0B84 /* English */,
			);
			name = MainMenu.xib;
			sourceTree = "<group>";
		};
/* End PBXVariantGroup section */

/* Begin XCBuildConfiguration section */
		452B995911AE3C85002C0BB3 /* Debug */ = {
			isa = XCBuildConfiguration;
			buildSettings = {
				ALWAYS_SEARCH_USER_PATHS = NO;
				COPY_PHASE_STRIP = NO;
				FRAMEWORK_SEARCH_PATHS = "$(DEVELOPER_LIBRARY_DIR)/Frameworks";
				GCC_DYNAMIC_NO_PIC = NO;
				GCC_ENABLE_FIX_AND_CONTINUE = NO;
				GCC_ENABLE_OBJC_EXCEPTIONS = YES;
				GCC_MODEL_TUNING = G5;
				GCC_OPTIMIZATION_LEVEL = 0;
				GCC_PRECOMPILE_PREFIX_HEADER = YES;
				GCC_PREFIX_HEADER = "$(SYSTEM_LIBRARY_DIR)/Frameworks/Cocoa.framework/Headers/Cocoa.h";
				INFOPLIST_FILE = "UnitTests-Info.plist";
				INSTALL_PATH = "$(USER_LIBRARY_DIR)/Bundles";
				OTHER_LDFLAGS = (
					"-framework",
					Cocoa,
					"-framework",
					SenTestingKit,
				);
				PREBINDING = NO;
				PRODUCT_NAME = UnitTests;
				WRAPPER_EXTENSION = octest;
			};
			name = Debug;
		};
		452B995A11AE3C85002C0BB3 /* Release */ = {
			isa = XCBuildConfiguration;
			buildSettings = {
				ALWAYS_SEARCH_USER_PATHS = NO;
				COPY_PHASE_STRIP = YES;
				DEBUG_INFORMATION_FORMAT = "dwarf-with-dsym";
				FRAMEWORK_SEARCH_PATHS = "$(DEVELOPER_LIBRARY_DIR)/Frameworks";
				GCC_ENABLE_FIX_AND_CONTINUE = NO;
				GCC_ENABLE_OBJC_EXCEPTIONS = YES;
				GCC_MODEL_TUNING = G5;
				GCC_PRECOMPILE_PREFIX_HEADER = YES;
				GCC_PREFIX_HEADER = "$(SYSTEM_LIBRARY_DIR)/Frameworks/Cocoa.framework/Headers/Cocoa.h";
				INFOPLIST_FILE = "UnitTests-Info.plist";
				INSTALL_PATH = "$(USER_LIBRARY_DIR)/Bundles";
				OTHER_LDFLAGS = (
					"-framework",
					Cocoa,
					"-framework",
					SenTestingKit,
				);
				PREBINDING = NO;
				PRODUCT_NAME = UnitTests;
				WRAPPER_EXTENSION = octest;
				ZERO_LINK = NO;
			};
			name = Release;
		};
		C01FCF4B08A954540054247B /* Debug */ = {
			isa = XCBuildConfiguration;
			buildSettings = {
				ALWAYS_SEARCH_USER_PATHS = NO;
				COPY_PHASE_STRIP = NO;
				GCC_DYNAMIC_NO_PIC = NO;
				GCC_ENABLE_FIX_AND_CONTINUE = YES;
				GCC_MODEL_TUNING = G5;
				GCC_OPTIMIZATION_LEVEL = 0;
				GCC_PRECOMPILE_PREFIX_HEADER = YES;
				GCC_PREFIX_HEADER = Source/Prefix.pch;
				INFOPLIST_FILE = Resources/Info.plist;
				INSTALL_PATH = "$(HOME)/Applications";
				PRODUCT_NAME = "Trundle GUI Sample";
			};
			name = Debug;
		};
		C01FCF4C08A954540054247B /* Release */ = {
			isa = XCBuildConfiguration;
			buildSettings = {
				ALWAYS_SEARCH_USER_PATHS = NO;
				DEBUG_INFORMATION_FORMAT = "dwarf-with-dsym";
				GCC_MODEL_TUNING = G5;
				GCC_PRECOMPILE_PREFIX_HEADER = YES;
				GCC_PREFIX_HEADER = Source/Prefix.pch;
				INFOPLIST_FILE = Resources/Info.plist;
				INSTALL_PATH = "$(HOME)/Applications";
				PRODUCT_NAME = "Trundle GUI Sample";
			};
			name = Release;
		};
		C01FCF4F08A954540054247B /* Debug */ = {
			isa = XCBuildConfiguration;
			buildSettings = {
				ARCHS = "$(ARCHS_STANDARD_32_64_BIT)";
				GCC_C_LANGUAGE_STANDARD = gnu99;
				GCC_OPTIMIZATION_LEVEL = 0;
				GCC_WARN_ABOUT_RETURN_TYPE = YES;
				GCC_WARN_UNUSED_VARIABLE = YES;
				ONLY_ACTIVE_ARCH = YES;
				PREBINDING = NO;
				SDKROOT = macosx10.6;
			};
			name = Debug;
		};
		C01FCF5008A954540054247B /* Release */ = {
			isa = XCBuildConfiguration;
			buildSettings = {
				ARCHS = "$(ARCHS_STANDARD_32_64_BIT)";
				GCC_C_LANGUAGE_STANDARD = gnu99;
				GCC_WARN_ABOUT_RETURN_TYPE = YES;
				GCC_WARN_UNUSED_VARIABLE = YES;
				PREBINDING = NO;
				SDKROOT = macosx10.6;
			};
			name = Release;
		};
/* End XCBuildConfiguration section */

/* Begin XCConfigurationList section */
		452B995B11AE3C85002C0BB3 /* Build configuration list for PBXNativeTarget "UnitTests" */ = {
			isa = XCConfigurationList;
			buildConfigurations = (
				452B995911AE3C85002C0BB3 /* Debug */,
				452B995A11AE3C85002C0BB3 /* Release */,
			);
			defaultConfigurationIsVisible = 0;
			defaultConfigurationName = Release;
		};
		C01FCF4A08A954540054247B /* Build configuration list for PBXNativeTarget "GUI Sample" */ = {
			isa = XCConfigurationList;
			buildConfigurations = (
				C01FCF4B08A954540054247B /* Debug */,
				C01FCF4C08A954540054247B /* Release */,
			);
			defaultConfigurationIsVisible = 0;
			defaultConfigurationName = Release;
		};
		C01FCF4E08A954540054247B /* Build configuration list for PBXProject "Trundle GUI Sample" */ = {
			isa = XCConfigurationList;
			buildConfigurations = (
				C01FCF4F08A954540054247B /* Debug */,
				C01FCF5008A954540054247B /* Release */,
			);
			defaultConfigurationIsVisible = 0;
			defaultConfigurationName = Release;
		};
/* End XCConfigurationList section */
	};
	rootObject = 29B97313FDCFA39411CA2CEA /* Project object */;
}
